// !$*UTF8*$!
{
	archiveVersion = 1;
	classes = {
	};
	objectVersion = 56;
	objects = {

/* Begin PBXBuildFile section */
		1ED8CDA52BCC1E06A8488824 /* Pods_SaryApp_SaryAppUITests.framework in Frameworks */ = {isa = PBXBuildFile; fileRef = 5DF9B6C936E7292DD21CC2E3 /* Pods_SaryApp_SaryAppUITests.framework */; };
		85EC346F8D333848D1DF7AF5 /* Pods_SaryApp.framework in Frameworks */ = {isa = PBXBuildFile; fileRef = BF8244E479F984647B51294A /* Pods_SaryApp.framework */; };
		CE58F2212A2BA664004B8C01 /* CurrencyConverterViewController.swift in Sources */ = {isa = PBXBuildFile; fileRef = CE58F2202A2BA664004B8C01 /* CurrencyConverterViewController.swift */; };
		CE9B42F32A2D4B3A0099D5B1 /* DetailsRepository.swift in Sources */ = {isa = PBXBuildFile; fileRef = CE9B42F22A2D4B3A0099D5B1 /* DetailsRepository.swift */; };
		CE9B42F52A2D4B900099D5B1 /* DetailsDataSource.swift in Sources */ = {isa = PBXBuildFile; fileRef = CE9B42F42A2D4B900099D5B1 /* DetailsDataSource.swift */; };
		CE9B42F82A2D4E5E0099D5B1 /* HistoricalResponseModel.swift in Sources */ = {isa = PBXBuildFile; fileRef = CE9B42F72A2D4E5E0099D5B1 /* HistoricalResponseModel.swift */; };
		CE9B42FB2A2D4F7A0099D5B1 /* DetailsViewModel.swift in Sources */ = {isa = PBXBuildFile; fileRef = CE9B42FA2A2D4F7A0099D5B1 /* DetailsViewModel.swift */; };
		CE9B42FD2A2D54C80099D5B1 /* LatestUsecase.swift in Sources */ = {isa = PBXBuildFile; fileRef = CE9B42FC2A2D54C80099D5B1 /* LatestUsecase.swift */; };
		CE9B43012A2D9F620099D5B1 /* DetailsViewController.swift in Sources */ = {isa = PBXBuildFile; fileRef = CE9B42FF2A2D9F620099D5B1 /* DetailsViewController.swift */; };
		CE9B43022A2D9F620099D5B1 /* DetailsViewController.xib in Resources */ = {isa = PBXBuildFile; fileRef = CE9B43002A2D9F620099D5B1 /* DetailsViewController.xib */; };
		CE9B43062A2DA24F0099D5B1 /* RateTableViewCell.swift in Sources */ = {isa = PBXBuildFile; fileRef = CE9B43042A2DA24F0099D5B1 /* RateTableViewCell.swift */; };
		CE9B43072A2DA24F0099D5B1 /* RateTableViewCell.xib in Resources */ = {isa = PBXBuildFile; fileRef = CE9B43052A2DA24F0099D5B1 /* RateTableViewCell.xib */; };
		CE9B43102A2FCD090099D5B1 /* HistoryTableViewCell.swift in Sources */ = {isa = PBXBuildFile; fileRef = CE9B430E2A2FCD090099D5B1 /* HistoryTableViewCell.swift */; };
		CE9B43112A2FCD090099D5B1 /* HistoryTableViewCell.xib in Resources */ = {isa = PBXBuildFile; fileRef = CE9B430F2A2FCD090099D5B1 /* HistoryTableViewCell.xib */; };
		CEC50D1C2A1566CD00178572 /* AppDelegate.swift in Sources */ = {isa = PBXBuildFile; fileRef = CEC50D1B2A1566CD00178572 /* AppDelegate.swift */; };
		CEC50D1E2A1566CD00178572 /* SceneDelegate.swift in Sources */ = {isa = PBXBuildFile; fileRef = CEC50D1D2A1566CD00178572 /* SceneDelegate.swift */; };
		CEC50D252A1566D000178572 /* Assets.xcassets in Resources */ = {isa = PBXBuildFile; fileRef = CEC50D242A1566D000178572 /* Assets.xcassets */; };
		CEC50D282A1566D000178572 /* LaunchScreen.storyboard in Resources */ = {isa = PBXBuildFile; fileRef = CEC50D262A1566D000178572 /* LaunchScreen.storyboard */; };
		CEC50D332A1566D000178572 /* SaryAppTests.swift in Sources */ = {isa = PBXBuildFile; fileRef = CEC50D322A1566D000178572 /* SaryAppTests.swift */; };
		CEC50D3D2A1566D000178572 /* SaryAppUITests.swift in Sources */ = {isa = PBXBuildFile; fileRef = CEC50D3C2A1566D000178572 /* SaryAppUITests.swift */; };
		CEC50D3F2A1566D000178572 /* SaryAppUITestsLaunchTests.swift in Sources */ = {isa = PBXBuildFile; fileRef = CEC50D3E2A1566D000178572 /* SaryAppUITestsLaunchTests.swift */; };
		CEC50D722A1567A700178572 /* Validator.swift in Sources */ = {isa = PBXBuildFile; fileRef = CEC50D4D2A1567A700178572 /* Validator.swift */; };
		CEC50D752A1567A700178572 /* StoryboardNames.swift in Sources */ = {isa = PBXBuildFile; fileRef = CEC50D532A1567A700178572 /* StoryboardNames.swift */; };
		CEC50D782A1567A700178572 /* IndicatorView.swift in Sources */ = {isa = PBXBuildFile; fileRef = CEC50D592A1567A700178572 /* IndicatorView.swift */; };
		CEC50D792A1567A700178572 /* IndicatorView.xib in Resources */ = {isa = PBXBuildFile; fileRef = CEC50D5A2A1567A700178572 /* IndicatorView.xib */; };
		CEC50D832A1567A700178572 /* UIVIew+Extesion.swift in Sources */ = {isa = PBXBuildFile; fileRef = CEC50D672A1567A700178572 /* UIVIew+Extesion.swift */; };
		CEC50D852A1567A700178572 /* NavigationManager.swift in Sources */ = {isa = PBXBuildFile; fileRef = CEC50D6C2A1567A700178572 /* NavigationManager.swift */; };
		CEC50D862A1567A700178572 /* BaseRequest.swift in Sources */ = {isa = PBXBuildFile; fileRef = CEC50D6E2A1567A700178572 /* BaseRequest.swift */; };
		CEC50D872A1567A700178572 /* GenaricAPI.swift in Sources */ = {isa = PBXBuildFile; fileRef = CEC50D6F2A1567A700178572 /* GenaricAPI.swift */; };
		CEC50D882A1567A700178572 /* BaseService.swift in Sources */ = {isa = PBXBuildFile; fileRef = CEC50D702A1567A700178572 /* BaseService.swift */; };
		CEC50D952A1567B700178572 /* BaseViewModel.swift in Sources */ = {isa = PBXBuildFile; fileRef = CEC50D8C2A1567B700178572 /* BaseViewModel.swift */; };
		CEC50D962A1567B700178572 /* BaseUseCase.swift in Sources */ = {isa = PBXBuildFile; fileRef = CEC50D8E2A1567B700178572 /* BaseUseCase.swift */; };
		CEC50D972A1567B700178572 /* BaseResponseModel.swift in Sources */ = {isa = PBXBuildFile; fileRef = CEC50D902A1567B700178572 /* BaseResponseModel.swift */; };
		CEC50D982A1567B700178572 /* BaseViewController.swift in Sources */ = {isa = PBXBuildFile; fileRef = CEC50D922A1567B700178572 /* BaseViewController.swift */; };
		CEC50D992A1567B700178572 /* BaseError.swift in Sources */ = {isa = PBXBuildFile; fileRef = CEC50D942A1567B700178572 /* BaseError.swift */; };
		CEC50DBF2A157D5C00178572 /* CurrencyConverterViewModel.swift in Sources */ = {isa = PBXBuildFile; fileRef = CEC50DBE2A157D5C00178572 /* CurrencyConverterViewModel.swift */; };
		CEC50DCB2A17B5F800178572 /* Main.storyboard in Resources */ = {isa = PBXBuildFile; fileRef = CEC50DCA2A17B5F800178572 /* Main.storyboard */; };
		CEC50DCF2A18029400178572 /* CurrencyResponseModel.swift in Sources */ = {isa = PBXBuildFile; fileRef = CEC50DCE2A18029400178572 /* CurrencyResponseModel.swift */; };
		CEC50DD52A18060C00178572 /* HomeRepository.swift in Sources */ = {isa = PBXBuildFile; fileRef = CEC50DD42A18060C00178572 /* HomeRepository.swift */; };
		CEC50DD82A18066500178572 /* CurrencyUseCase.swift in Sources */ = {isa = PBXBuildFile; fileRef = CEC50DD72A18066500178572 /* CurrencyUseCase.swift */; };
		CEC50DED2A18CDCC00178572 /* Environment.swift in Sources */ = {isa = PBXBuildFile; fileRef = CEC50DDC2A18CDCC00178572 /* Environment.swift */; };
		CEC50DF62A18CDCC00178572 /* Model+Error.swift in Sources */ = {isa = PBXBuildFile; fileRef = CEC50DE62A18CDCC00178572 /* Model+Error.swift */; };
		CEC50DFE2A18CEFA00178572 /* PrintHelper.swift in Sources */ = {isa = PBXBuildFile; fileRef = CEC50DFD2A18CEFA00178572 /* PrintHelper.swift */; };
		CEC50E0E2A1AB34A00178572 /* DetailsUseCase.swift in Sources */ = {isa = PBXBuildFile; fileRef = CEC50E0D2A1AB34A00178572 /* DetailsUseCase.swift */; };
		CEFB189A2A2B567E00192DBF /* HomeDataSource.swift in Sources */ = {isa = PBXBuildFile; fileRef = CEFB18992A2B567E00192DBF /* HomeDataSource.swift */; };
		E87BFFB76980544AFB4418C5 /* Pods_SaryAppTests.framework in Frameworks */ = {isa = PBXBuildFile; fileRef = 5934D0BBCCE4FA88544DC00C /* Pods_SaryAppTests.framework */; };
/* End PBXBuildFile section */

/* Begin PBXContainerItemProxy section */
		CEC50D2F2A1566D000178572 /* PBXContainerItemProxy */ = {
			isa = PBXContainerItemProxy;
			containerPortal = CEC50D102A1566CD00178572 /* Project object */;
			proxyType = 1;
			remoteGlobalIDString = CEC50D172A1566CD00178572;
			remoteInfo = SaryApp;
		};
		CEC50D392A1566D000178572 /* PBXContainerItemProxy */ = {
			isa = PBXContainerItemProxy;
			containerPortal = CEC50D102A1566CD00178572 /* Project object */;
			proxyType = 1;
			remoteGlobalIDString = CEC50D172A1566CD00178572;
			remoteInfo = SaryApp;
		};
/* End PBXContainerItemProxy section */

/* Begin PBXFileReference section */
		2A423A4D8150AE482A334C0E /* Pods-SaryApp-SaryAppUITests.debug.xcconfig */ = {isa = PBXFileReference; includeInIndex = 1; lastKnownFileType = text.xcconfig; name = "Pods-SaryApp-SaryAppUITests.debug.xcconfig"; path = "Target Support Files/Pods-SaryApp-SaryAppUITests/Pods-SaryApp-SaryAppUITests.debug.xcconfig"; sourceTree = "<group>"; };
		2EFD12A987579C339E1FCC81 /* Pods-SaryApp.release.xcconfig */ = {isa = PBXFileReference; includeInIndex = 1; lastKnownFileType = text.xcconfig; name = "Pods-SaryApp.release.xcconfig"; path = "Target Support Files/Pods-SaryApp/Pods-SaryApp.release.xcconfig"; sourceTree = "<group>"; };
		550EAF15C2F5CF9450446F0E /* Pods-SaryAppTests.release.xcconfig */ = {isa = PBXFileReference; includeInIndex = 1; lastKnownFileType = text.xcconfig; name = "Pods-SaryAppTests.release.xcconfig"; path = "Target Support Files/Pods-SaryAppTests/Pods-SaryAppTests.release.xcconfig"; sourceTree = "<group>"; };
		5934D0BBCCE4FA88544DC00C /* Pods_SaryAppTests.framework */ = {isa = PBXFileReference; explicitFileType = wrapper.framework; includeInIndex = 0; path = Pods_SaryAppTests.framework; sourceTree = BUILT_PRODUCTS_DIR; };
		5DF9B6C936E7292DD21CC2E3 /* Pods_SaryApp_SaryAppUITests.framework */ = {isa = PBXFileReference; explicitFileType = wrapper.framework; includeInIndex = 0; path = Pods_SaryApp_SaryAppUITests.framework; sourceTree = BUILT_PRODUCTS_DIR; };
		918A665B9033C177ADCC1190 /* Pods-SaryAppTests.debug.xcconfig */ = {isa = PBXFileReference; includeInIndex = 1; lastKnownFileType = text.xcconfig; name = "Pods-SaryAppTests.debug.xcconfig"; path = "Target Support Files/Pods-SaryAppTests/Pods-SaryAppTests.debug.xcconfig"; sourceTree = "<group>"; };
		959E3AA1366D79B9C92505A4 /* Pods-SaryApp-SaryAppUITests.release.xcconfig */ = {isa = PBXFileReference; includeInIndex = 1; lastKnownFileType = text.xcconfig; name = "Pods-SaryApp-SaryAppUITests.release.xcconfig"; path = "Target Support Files/Pods-SaryApp-SaryAppUITests/Pods-SaryApp-SaryAppUITests.release.xcconfig"; sourceTree = "<group>"; };
		BF8244E479F984647B51294A /* Pods_SaryApp.framework */ = {isa = PBXFileReference; explicitFileType = wrapper.framework; includeInIndex = 0; path = Pods_SaryApp.framework; sourceTree = BUILT_PRODUCTS_DIR; };
		CE58F2202A2BA664004B8C01 /* CurrencyConverterViewController.swift */ = {isa = PBXFileReference; lastKnownFileType = sourcecode.swift; path = CurrencyConverterViewController.swift; sourceTree = "<group>"; };
		CE9B42F22A2D4B3A0099D5B1 /* DetailsRepository.swift */ = {isa = PBXFileReference; lastKnownFileType = sourcecode.swift; path = DetailsRepository.swift; sourceTree = "<group>"; };
		CE9B42F42A2D4B900099D5B1 /* DetailsDataSource.swift */ = {isa = PBXFileReference; lastKnownFileType = sourcecode.swift; path = DetailsDataSource.swift; sourceTree = "<group>"; };
		CE9B42F72A2D4E5E0099D5B1 /* HistoricalResponseModel.swift */ = {isa = PBXFileReference; lastKnownFileType = sourcecode.swift; path = HistoricalResponseModel.swift; sourceTree = "<group>"; };
		CE9B42FA2A2D4F7A0099D5B1 /* DetailsViewModel.swift */ = {isa = PBXFileReference; lastKnownFileType = sourcecode.swift; path = DetailsViewModel.swift; sourceTree = "<group>"; };
		CE9B42FC2A2D54C80099D5B1 /* LatestUsecase.swift */ = {isa = PBXFileReference; lastKnownFileType = sourcecode.swift; path = LatestUsecase.swift; sourceTree = "<group>"; };
		CE9B42FF2A2D9F620099D5B1 /* DetailsViewController.swift */ = {isa = PBXFileReference; lastKnownFileType = sourcecode.swift; path = DetailsViewController.swift; sourceTree = "<group>"; };
		CE9B43002A2D9F620099D5B1 /* DetailsViewController.xib */ = {isa = PBXFileReference; lastKnownFileType = file.xib; path = DetailsViewController.xib; sourceTree = "<group>"; };
		CE9B43042A2DA24F0099D5B1 /* RateTableViewCell.swift */ = {isa = PBXFileReference; lastKnownFileType = sourcecode.swift; path = RateTableViewCell.swift; sourceTree = "<group>"; };
		CE9B43052A2DA24F0099D5B1 /* RateTableViewCell.xib */ = {isa = PBXFileReference; lastKnownFileType = file.xib; path = RateTableViewCell.xib; sourceTree = "<group>"; };
		CE9B430E2A2FCD090099D5B1 /* HistoryTableViewCell.swift */ = {isa = PBXFileReference; lastKnownFileType = sourcecode.swift; path = HistoryTableViewCell.swift; sourceTree = "<group>"; };
		CE9B430F2A2FCD090099D5B1 /* HistoryTableViewCell.xib */ = {isa = PBXFileReference; lastKnownFileType = file.xib; path = HistoryTableViewCell.xib; sourceTree = "<group>"; };
		CEC50D182A1566CD00178572 /* SaryApp.app */ = {isa = PBXFileReference; explicitFileType = wrapper.application; includeInIndex = 0; path = SaryApp.app; sourceTree = BUILT_PRODUCTS_DIR; };
		CEC50D1B2A1566CD00178572 /* AppDelegate.swift */ = {isa = PBXFileReference; lastKnownFileType = sourcecode.swift; path = AppDelegate.swift; sourceTree = "<group>"; };
		CEC50D1D2A1566CD00178572 /* SceneDelegate.swift */ = {isa = PBXFileReference; lastKnownFileType = sourcecode.swift; path = SceneDelegate.swift; sourceTree = "<group>"; };
		CEC50D242A1566D000178572 /* Assets.xcassets */ = {isa = PBXFileReference; lastKnownFileType = folder.assetcatalog; path = Assets.xcassets; sourceTree = "<group>"; };
		CEC50D272A1566D000178572 /* Base */ = {isa = PBXFileReference; lastKnownFileType = file.storyboard; name = Base; path = Base.lproj/LaunchScreen.storyboard; sourceTree = "<group>"; };
		CEC50D292A1566D000178572 /* Info.plist */ = {isa = PBXFileReference; lastKnownFileType = text.plist.xml; path = Info.plist; sourceTree = "<group>"; };
		CEC50D2E2A1566D000178572 /* SaryAppTests.xctest */ = {isa = PBXFileReference; explicitFileType = wrapper.cfbundle; includeInIndex = 0; path = SaryAppTests.xctest; sourceTree = BUILT_PRODUCTS_DIR; };
		CEC50D322A1566D000178572 /* SaryAppTests.swift */ = {isa = PBXFileReference; lastKnownFileType = sourcecode.swift; path = SaryAppTests.swift; sourceTree = "<group>"; };
		CEC50D382A1566D000178572 /* SaryAppUITests.xctest */ = {isa = PBXFileReference; explicitFileType = wrapper.cfbundle; includeInIndex = 0; path = SaryAppUITests.xctest; sourceTree = BUILT_PRODUCTS_DIR; };
		CEC50D3C2A1566D000178572 /* SaryAppUITests.swift */ = {isa = PBXFileReference; lastKnownFileType = sourcecode.swift; path = SaryAppUITests.swift; sourceTree = "<group>"; };
		CEC50D3E2A1566D000178572 /* SaryAppUITestsLaunchTests.swift */ = {isa = PBXFileReference; lastKnownFileType = sourcecode.swift; path = SaryAppUITestsLaunchTests.swift; sourceTree = "<group>"; };
		CEC50D4D2A1567A700178572 /* Validator.swift */ = {isa = PBXFileReference; fileEncoding = 4; lastKnownFileType = sourcecode.swift; path = Validator.swift; sourceTree = "<group>"; };
		CEC50D532A1567A700178572 /* StoryboardNames.swift */ = {isa = PBXFileReference; fileEncoding = 4; lastKnownFileType = sourcecode.swift; path = StoryboardNames.swift; sourceTree = "<group>"; };
		CEC50D592A1567A700178572 /* IndicatorView.swift */ = {isa = PBXFileReference; fileEncoding = 4; lastKnownFileType = sourcecode.swift; path = IndicatorView.swift; sourceTree = "<group>"; };
		CEC50D5A2A1567A700178572 /* IndicatorView.xib */ = {isa = PBXFileReference; fileEncoding = 4; lastKnownFileType = file.xib; path = IndicatorView.xib; sourceTree = "<group>"; };
		CEC50D672A1567A700178572 /* UIVIew+Extesion.swift */ = {isa = PBXFileReference; fileEncoding = 4; lastKnownFileType = sourcecode.swift; path = "UIVIew+Extesion.swift"; sourceTree = "<group>"; };
		CEC50D6C2A1567A700178572 /* NavigationManager.swift */ = {isa = PBXFileReference; fileEncoding = 4; lastKnownFileType = sourcecode.swift; path = NavigationManager.swift; sourceTree = "<group>"; };
		CEC50D6E2A1567A700178572 /* BaseRequest.swift */ = {isa = PBXFileReference; fileEncoding = 4; lastKnownFileType = sourcecode.swift; path = BaseRequest.swift; sourceTree = "<group>"; };
		CEC50D6F2A1567A700178572 /* GenaricAPI.swift */ = {isa = PBXFileReference; fileEncoding = 4; lastKnownFileType = sourcecode.swift; path = GenaricAPI.swift; sourceTree = "<group>"; };
		CEC50D702A1567A700178572 /* BaseService.swift */ = {isa = PBXFileReference; fileEncoding = 4; lastKnownFileType = sourcecode.swift; path = BaseService.swift; sourceTree = "<group>"; };
		CEC50D8C2A1567B700178572 /* BaseViewModel.swift */ = {isa = PBXFileReference; fileEncoding = 4; lastKnownFileType = sourcecode.swift; path = BaseViewModel.swift; sourceTree = "<group>"; };
		CEC50D8E2A1567B700178572 /* BaseUseCase.swift */ = {isa = PBXFileReference; fileEncoding = 4; lastKnownFileType = sourcecode.swift; path = BaseUseCase.swift; sourceTree = "<group>"; };
		CEC50D902A1567B700178572 /* BaseResponseModel.swift */ = {isa = PBXFileReference; fileEncoding = 4; lastKnownFileType = sourcecode.swift; path = BaseResponseModel.swift; sourceTree = "<group>"; };
		CEC50D922A1567B700178572 /* BaseViewController.swift */ = {isa = PBXFileReference; fileEncoding = 4; lastKnownFileType = sourcecode.swift; path = BaseViewController.swift; sourceTree = "<group>"; };
		CEC50D942A1567B700178572 /* BaseError.swift */ = {isa = PBXFileReference; fileEncoding = 4; lastKnownFileType = sourcecode.swift; path = BaseError.swift; sourceTree = "<group>"; };
		CEC50DBE2A157D5C00178572 /* CurrencyConverterViewModel.swift */ = {isa = PBXFileReference; lastKnownFileType = sourcecode.swift; path = CurrencyConverterViewModel.swift; sourceTree = "<group>"; };
		CEC50DCA2A17B5F800178572 /* Main.storyboard */ = {isa = PBXFileReference; lastKnownFileType = file.storyboard; path = Main.storyboard; sourceTree = "<group>"; };
		CEC50DCE2A18029400178572 /* CurrencyResponseModel.swift */ = {isa = PBXFileReference; lastKnownFileType = sourcecode.swift; path = CurrencyResponseModel.swift; sourceTree = "<group>"; };
		CEC50DD42A18060C00178572 /* HomeRepository.swift */ = {isa = PBXFileReference; lastKnownFileType = sourcecode.swift; path = HomeRepository.swift; sourceTree = "<group>"; };
		CEC50DD72A18066500178572 /* CurrencyUseCase.swift */ = {isa = PBXFileReference; lastKnownFileType = sourcecode.swift; path = CurrencyUseCase.swift; sourceTree = "<group>"; };
		CEC50DDC2A18CDCC00178572 /* Environment.swift */ = {isa = PBXFileReference; fileEncoding = 4; lastKnownFileType = sourcecode.swift; path = Environment.swift; sourceTree = "<group>"; };
		CEC50DE62A18CDCC00178572 /* Model+Error.swift */ = {isa = PBXFileReference; fileEncoding = 4; lastKnownFileType = sourcecode.swift; path = "Model+Error.swift"; sourceTree = "<group>"; };
		CEC50DFD2A18CEFA00178572 /* PrintHelper.swift */ = {isa = PBXFileReference; fileEncoding = 4; lastKnownFileType = sourcecode.swift; path = PrintHelper.swift; sourceTree = "<group>"; };
		CEC50E0D2A1AB34A00178572 /* DetailsUseCase.swift */ = {isa = PBXFileReference; lastKnownFileType = sourcecode.swift; path = DetailsUseCase.swift; sourceTree = "<group>"; };
		CEFB18992A2B567E00192DBF /* HomeDataSource.swift */ = {isa = PBXFileReference; lastKnownFileType = sourcecode.swift; path = HomeDataSource.swift; sourceTree = "<group>"; };
		E3757C1076550960631E3980 /* Pods-SaryApp.debug.xcconfig */ = {isa = PBXFileReference; includeInIndex = 1; lastKnownFileType = text.xcconfig; name = "Pods-SaryApp.debug.xcconfig"; path = "Target Support Files/Pods-SaryApp/Pods-SaryApp.debug.xcconfig"; sourceTree = "<group>"; };
/* End PBXFileReference section */

/* Begin PBXFrameworksBuildPhase section */
		CEC50D152A1566CD00178572 /* Frameworks */ = {
			isa = PBXFrameworksBuildPhase;
			buildActionMask = 2147483647;
			files = (
				85EC346F8D333848D1DF7AF5 /* Pods_SaryApp.framework in Frameworks */,
			);
			runOnlyForDeploymentPostprocessing = 0;
		};
		CEC50D2B2A1566D000178572 /* Frameworks */ = {
			isa = PBXFrameworksBuildPhase;
			buildActionMask = 2147483647;
			files = (
				E87BFFB76980544AFB4418C5 /* Pods_SaryAppTests.framework in Frameworks */,
			);
			runOnlyForDeploymentPostprocessing = 0;
		};
		CEC50D352A1566D000178572 /* Frameworks */ = {
			isa = PBXFrameworksBuildPhase;
			buildActionMask = 2147483647;
			files = (
				1ED8CDA52BCC1E06A8488824 /* Pods_SaryApp_SaryAppUITests.framework in Frameworks */,
			);
			runOnlyForDeploymentPostprocessing = 0;
		};
/* End PBXFrameworksBuildPhase section */

/* Begin PBXGroup section */
		CE9B42EC2A2D4AD20099D5B1 /* Details */ = {
			isa = PBXGroup;
			children = (
				CE9B42EF2A2D4AED0099D5B1 /* Domain */,
				CE9B42EE2A2D4AE50099D5B1 /* Data */,
				CE9B42ED2A2D4ADD0099D5B1 /* Presentaion */,
			);
			path = Details;
			sourceTree = "<group>";
		};
		CE9B42ED2A2D4ADD0099D5B1 /* Presentaion */ = {
			isa = PBXGroup;
			children = (
				CE9B42FE2A2D9F450099D5B1 /* View */,
				CE9B42F92A2D4F690099D5B1 /* ViewModel */,
				CE9B42F62A2D4E4F0099D5B1 /* Model */,
			);
			path = Presentaion;
			sourceTree = "<group>";
		};
		CE9B42EE2A2D4AE50099D5B1 /* Data */ = {
			isa = PBXGroup;
			children = (
				CE9B42F42A2D4B900099D5B1 /* DetailsDataSource.swift */,
			);
			path = Data;
			sourceTree = "<group>";
		};
		CE9B42EF2A2D4AED0099D5B1 /* Domain */ = {
			isa = PBXGroup;
			children = (
				CE9B42F02A2D4B060099D5B1 /* Usecase */,
				CE9B42F12A2D4B0D0099D5B1 /* Repository */,
			);
			path = Domain;
			sourceTree = "<group>";
		};
		CE9B42F02A2D4B060099D5B1 /* Usecase */ = {
			isa = PBXGroup;
			children = (
				CEC50E0D2A1AB34A00178572 /* DetailsUseCase.swift */,
				CE9B42FC2A2D54C80099D5B1 /* LatestUsecase.swift */,
			);
			path = Usecase;
			sourceTree = "<group>";
		};
		CE9B42F12A2D4B0D0099D5B1 /* Repository */ = {
			isa = PBXGroup;
			children = (
				CE9B42F22A2D4B3A0099D5B1 /* DetailsRepository.swift */,
			);
			path = Repository;
			sourceTree = "<group>";
		};
		CE9B42F62A2D4E4F0099D5B1 /* Model */ = {
			isa = PBXGroup;
			children = (
				CE9B42F72A2D4E5E0099D5B1 /* HistoricalResponseModel.swift */,
			);
			path = Model;
			sourceTree = "<group>";
		};
		CE9B42F92A2D4F690099D5B1 /* ViewModel */ = {
			isa = PBXGroup;
			children = (
				CE9B42FA2A2D4F7A0099D5B1 /* DetailsViewModel.swift */,
			);
			path = ViewModel;
			sourceTree = "<group>";
		};
		CE9B42FE2A2D9F450099D5B1 /* View */ = {
			isa = PBXGroup;
			children = (
				CE9B43032A2DA2370099D5B1 /* SubViews */,
				CE9B42FF2A2D9F620099D5B1 /* DetailsViewController.swift */,
				CE9B43002A2D9F620099D5B1 /* DetailsViewController.xib */,
			);
			path = View;
			sourceTree = "<group>";
		};
		CE9B43032A2DA2370099D5B1 /* SubViews */ = {
			isa = PBXGroup;
			children = (
				CE9B430D2A2FCCE10099D5B1 /* HistoryCell */,
				CE9B430C2A2FCCD40099D5B1 /* RateCell */,
			);
			path = SubViews;
			sourceTree = "<group>";
		};
		CE9B430C2A2FCCD40099D5B1 /* RateCell */ = {
			isa = PBXGroup;
			children = (
				CE9B43042A2DA24F0099D5B1 /* RateTableViewCell.swift */,
				CE9B43052A2DA24F0099D5B1 /* RateTableViewCell.xib */,
			);
			path = RateCell;
			sourceTree = "<group>";
		};
		CE9B430D2A2FCCE10099D5B1 /* HistoryCell */ = {
			isa = PBXGroup;
			children = (
				CE9B430E2A2FCD090099D5B1 /* HistoryTableViewCell.swift */,
				CE9B430F2A2FCD090099D5B1 /* HistoryTableViewCell.xib */,
			);
			path = HistoryCell;
			sourceTree = "<group>";
		};
		CEC50D0F2A1566CD00178572 = {
			isa = PBXGroup;
			children = (
				CEC50D1A2A1566CD00178572 /* SaryApp */,
				CEC50D312A1566D000178572 /* SaryAppTests */,
				CEC50D3B2A1566D000178572 /* SaryAppUITests */,
				CEC50D192A1566CD00178572 /* Products */,
				E7D1318BBBF0EEC6F694DEB1 /* Pods */,
				F85EA3DBAE949822C6C53C3A /* Frameworks */,
			);
			sourceTree = "<group>";
		};
		CEC50D192A1566CD00178572 /* Products */ = {
			isa = PBXGroup;
			children = (
				CEC50D182A1566CD00178572 /* SaryApp.app */,
				CEC50D2E2A1566D000178572 /* SaryAppTests.xctest */,
				CEC50D382A1566D000178572 /* SaryAppUITests.xctest */,
			);
			name = Products;
			sourceTree = "<group>";
		};
		CEC50D1A2A1566CD00178572 /* SaryApp */ = {
			isa = PBXGroup;
			children = (
				CEC50D292A1566D000178572 /* Info.plist */,
				CEC50DCC2A17B64100178572 /* Application */,
				CEC50D9A2A15750A00178572 /* Scenes */,
			);
			path = SaryApp;
			sourceTree = "<group>";
		};
		CEC50D312A1566D000178572 /* SaryAppTests */ = {
			isa = PBXGroup;
			children = (
				CEC50D322A1566D000178572 /* SaryAppTests.swift */,
			);
			path = SaryAppTests;
			sourceTree = "<group>";
		};
		CEC50D3B2A1566D000178572 /* SaryAppUITests */ = {
			isa = PBXGroup;
			children = (
				CEC50D3C2A1566D000178572 /* SaryAppUITests.swift */,
				CEC50D3E2A1566D000178572 /* SaryAppUITestsLaunchTests.swift */,
			);
			path = SaryAppUITests;
			sourceTree = "<group>";
		};
		CEC50D4B2A1567A700178572 /* Utilities */ = {
			isa = PBXGroup;
			children = (
				CEC50DFC2A18CEE700178572 /* Helper */,
				CEC50D4C2A1567A700178572 /* Validator */,
				CEC50D522A1567A700178572 /* StoryBoardManger */,
				CEC50D542A1567A700178572 /* DesignableView */,
				CEC50D642A1567A700178572 /* Extesions */,
				CEC50D6B2A1567A700178572 /* NavigationManager */,
				CEC50D6D2A1567A700178572 /* NetworkLayer */,
			);
			path = Utilities;
			sourceTree = "<group>";
		};
		CEC50D4C2A1567A700178572 /* Validator */ = {
			isa = PBXGroup;
			children = (
				CEC50D4D2A1567A700178572 /* Validator.swift */,
			);
			path = Validator;
			sourceTree = "<group>";
		};
		CEC50D522A1567A700178572 /* StoryBoardManger */ = {
			isa = PBXGroup;
			children = (
				CEC50D532A1567A700178572 /* StoryboardNames.swift */,
			);
			path = StoryBoardManger;
			sourceTree = "<group>";
		};
		CEC50D542A1567A700178572 /* DesignableView */ = {
			isa = PBXGroup;
			children = (
				CEC50D582A1567A700178572 /* ActivityIndicatorView */,
			);
			path = DesignableView;
			sourceTree = "<group>";
		};
		CEC50D582A1567A700178572 /* ActivityIndicatorView */ = {
			isa = PBXGroup;
			children = (
				CEC50D592A1567A700178572 /* IndicatorView.swift */,
				CEC50D5A2A1567A700178572 /* IndicatorView.xib */,
			);
			path = ActivityIndicatorView;
			sourceTree = "<group>";
		};
		CEC50D642A1567A700178572 /* Extesions */ = {
			isa = PBXGroup;
			children = (
				CEC50D672A1567A700178572 /* UIVIew+Extesion.swift */,
			);
			path = Extesions;
			sourceTree = "<group>";
		};
		CEC50D6B2A1567A700178572 /* NavigationManager */ = {
			isa = PBXGroup;
			children = (
				CEC50D6C2A1567A700178572 /* NavigationManager.swift */,
			);
			path = NavigationManager;
			sourceTree = "<group>";
		};
		CEC50D6D2A1567A700178572 /* NetworkLayer */ = {
			isa = PBXGroup;
			children = (
				CEC50DE62A18CDCC00178572 /* Model+Error.swift */,
				CEC50D6E2A1567A700178572 /* BaseRequest.swift */,
				CEC50DDC2A18CDCC00178572 /* Environment.swift */,
				CEC50D6F2A1567A700178572 /* GenaricAPI.swift */,
				CEC50D702A1567A700178572 /* BaseService.swift */,
			);
			path = NetworkLayer;
			sourceTree = "<group>";
		};
		CEC50D8A2A1567B700178572 /* Base */ = {
			isa = PBXGroup;
			children = (
				CEC50D8B2A1567B700178572 /* ViewModel */,
				CEC50D8D2A1567B700178572 /* BaseUseCase */,
				CEC50D8F2A1567B700178572 /* Model */,
				CEC50D912A1567B700178572 /* View */,
				CEC50D932A1567B700178572 /* BaseError */,
			);
			path = Base;
			sourceTree = "<group>";
		};
		CEC50D8B2A1567B700178572 /* ViewModel */ = {
			isa = PBXGroup;
			children = (
				CEC50D8C2A1567B700178572 /* BaseViewModel.swift */,
			);
			path = ViewModel;
			sourceTree = "<group>";
		};
		CEC50D8D2A1567B700178572 /* BaseUseCase */ = {
			isa = PBXGroup;
			children = (
				CEC50D8E2A1567B700178572 /* BaseUseCase.swift */,
			);
			path = BaseUseCase;
			sourceTree = "<group>";
		};
		CEC50D8F2A1567B700178572 /* Model */ = {
			isa = PBXGroup;
			children = (
				CEC50D902A1567B700178572 /* BaseResponseModel.swift */,
			);
			path = Model;
			sourceTree = "<group>";
		};
		CEC50D912A1567B700178572 /* View */ = {
			isa = PBXGroup;
			children = (
				CEC50D922A1567B700178572 /* BaseViewController.swift */,
			);
			path = View;
			sourceTree = "<group>";
		};
		CEC50D932A1567B700178572 /* BaseError */ = {
			isa = PBXGroup;
			children = (
				CEC50D942A1567B700178572 /* BaseError.swift */,
			);
			path = BaseError;
			sourceTree = "<group>";
		};
		CEC50D9A2A15750A00178572 /* Scenes */ = {
			isa = PBXGroup;
			children = (
				CEC50DD92A18075900178572 /* Converter */,
				CE9B42EC2A2D4AD20099D5B1 /* Details */,
			);
			path = Scenes;
			sourceTree = "<group>";
		};
		CEC50DA32A15785400178572 /* Model */ = {
			isa = PBXGroup;
			children = (
				CEC50DCE2A18029400178572 /* CurrencyResponseModel.swift */,
			);
			path = Model;
			sourceTree = "<group>";
		};
		CEC50DA42A15785900178572 /* View */ = {
			isa = PBXGroup;
			children = (
				CE58F2202A2BA664004B8C01 /* CurrencyConverterViewController.swift */,
			);
			path = View;
			sourceTree = "<group>";
		};
		CEC50DA52A15785E00178572 /* ViewModel */ = {
			isa = PBXGroup;
			children = (
				CEC50DBE2A157D5C00178572 /* CurrencyConverterViewModel.swift */,
			);
			path = ViewModel;
			sourceTree = "<group>";
		};
		CEC50DCC2A17B64100178572 /* Application */ = {
			isa = PBXGroup;
			children = (
				CEC50DCD2A17B66900178572 /* SupportingFiles */,
				CEC50D8A2A1567B700178572 /* Base */,
				CEC50D4B2A1567A700178572 /* Utilities */,
			);
			path = Application;
			sourceTree = "<group>";
		};
		CEC50DCD2A17B66900178572 /* SupportingFiles */ = {
			isa = PBXGroup;
			children = (
				CEC50D1B2A1566CD00178572 /* AppDelegate.swift */,
				CEC50D1D2A1566CD00178572 /* SceneDelegate.swift */,
				CEC50D242A1566D000178572 /* Assets.xcassets */,
				CEC50D262A1566D000178572 /* LaunchScreen.storyboard */,
			);
			path = SupportingFiles;
			sourceTree = "<group>";
		};
		CEC50DD02A1805CF00178572 /* Domain */ = {
			isa = PBXGroup;
			children = (
				CEC50DD62A18064200178572 /* UseCase */,
				CEC50DD32A1805F200178572 /* Repository */,
			);
			path = Domain;
			sourceTree = "<group>";
		};
		CEC50DD12A1805DB00178572 /* Data */ = {
			isa = PBXGroup;
			children = (
				CEFB18992A2B567E00192DBF /* HomeDataSource.swift */,
			);
			path = Data;
			sourceTree = "<group>";
		};
		CEC50DD22A1805E000178572 /* Presentation */ = {
			isa = PBXGroup;
			children = (
				CEC50DA52A15785E00178572 /* ViewModel */,
				CEC50DA42A15785900178572 /* View */,
				CEC50DA32A15785400178572 /* Model */,
			);
			path = Presentation;
			sourceTree = "<group>";
		};
		CEC50DD32A1805F200178572 /* Repository */ = {
			isa = PBXGroup;
			children = (
				CEC50DD42A18060C00178572 /* HomeRepository.swift */,
			);
			path = Repository;
			sourceTree = "<group>";
		};
		CEC50DD62A18064200178572 /* UseCase */ = {
			isa = PBXGroup;
			children = (
				CEC50DD72A18066500178572 /* CurrencyUseCase.swift */,
			);
			path = UseCase;
			sourceTree = "<group>";
		};
		CEC50DD92A18075900178572 /* Converter */ = {
			isa = PBXGroup;
			children = (
				CEC50DCA2A17B5F800178572 /* Main.storyboard */,
				CEC50DD22A1805E000178572 /* Presentation */,
				CEC50DD02A1805CF00178572 /* Domain */,
				CEC50DD12A1805DB00178572 /* Data */,
			);
			path = Converter;
			sourceTree = "<group>";
		};
		CEC50DFC2A18CEE700178572 /* Helper */ = {
			isa = PBXGroup;
			children = (
				CEC50DFD2A18CEFA00178572 /* PrintHelper.swift */,
			);
			path = Helper;
			sourceTree = "<group>";
		};
		E7D1318BBBF0EEC6F694DEB1 /* Pods */ = {
			isa = PBXGroup;
			children = (
				E3757C1076550960631E3980 /* Pods-SaryApp.debug.xcconfig */,
				2EFD12A987579C339E1FCC81 /* Pods-SaryApp.release.xcconfig */,
				2A423A4D8150AE482A334C0E /* Pods-SaryApp-SaryAppUITests.debug.xcconfig */,
				959E3AA1366D79B9C92505A4 /* Pods-SaryApp-SaryAppUITests.release.xcconfig */,
				918A665B9033C177ADCC1190 /* Pods-SaryAppTests.debug.xcconfig */,
				550EAF15C2F5CF9450446F0E /* Pods-SaryAppTests.release.xcconfig */,
			);
			path = Pods;
			sourceTree = "<group>";
		};
		F85EA3DBAE949822C6C53C3A /* Frameworks */ = {
			isa = PBXGroup;
			children = (
				BF8244E479F984647B51294A /* Pods_SaryApp.framework */,
				5DF9B6C936E7292DD21CC2E3 /* Pods_SaryApp_SaryAppUITests.framework */,
				5934D0BBCCE4FA88544DC00C /* Pods_SaryAppTests.framework */,
			);
			name = Frameworks;
			sourceTree = "<group>";
		};
/* End PBXGroup section */

/* Begin PBXNativeTarget section */
		CEC50D172A1566CD00178572 /* SaryApp */ = {
			isa = PBXNativeTarget;
			buildConfigurationList = CEC50D422A1566D000178572 /* Build configuration list for PBXNativeTarget "SaryApp" */;
			buildPhases = (
				14B99B24E70D58C40FA1BDD2 /* [CP] Check Pods Manifest.lock */,
				CEC50D142A1566CD00178572 /* Sources */,
				CEC50D152A1566CD00178572 /* Frameworks */,
				CEC50D162A1566CD00178572 /* Resources */,
				B83B7090910E84DFFEC5A823 /* [CP] Embed Pods Frameworks */,
			);
			buildRules = (
			);
			dependencies = (
			);
			name = SaryApp;
			productName = SaryApp;
			productReference = CEC50D182A1566CD00178572 /* SaryApp.app */;
			productType = "com.apple.product-type.application";
		};
		CEC50D2D2A1566D000178572 /* SaryAppTests */ = {
			isa = PBXNativeTarget;
			buildConfigurationList = CEC50D452A1566D000178572 /* Build configuration list for PBXNativeTarget "SaryAppTests" */;
			buildPhases = (
				FAC8161CD2053654C58640F0 /* [CP] Check Pods Manifest.lock */,
				CEC50D2A2A1566D000178572 /* Sources */,
				CEC50D2B2A1566D000178572 /* Frameworks */,
				CEC50D2C2A1566D000178572 /* Resources */,
			);
			buildRules = (
			);
			dependencies = (
				CEC50D302A1566D000178572 /* PBXTargetDependency */,
			);
			name = SaryAppTests;
			productName = SaryAppTests;
			productReference = CEC50D2E2A1566D000178572 /* SaryAppTests.xctest */;
			productType = "com.apple.product-type.bundle.unit-test";
		};
		CEC50D372A1566D000178572 /* SaryAppUITests */ = {
			isa = PBXNativeTarget;
			buildConfigurationList = CEC50D482A1566D000178572 /* Build configuration list for PBXNativeTarget "SaryAppUITests" */;
			buildPhases = (
				00757E606DF61A1BF5C4B710 /* [CP] Check Pods Manifest.lock */,
				CEC50D342A1566D000178572 /* Sources */,
				CEC50D352A1566D000178572 /* Frameworks */,
				CEC50D362A1566D000178572 /* Resources */,
				C28334C02EDE62859EE30ABB /* [CP] Embed Pods Frameworks */,
			);
			buildRules = (
			);
			dependencies = (
				CEC50D3A2A1566D000178572 /* PBXTargetDependency */,
			);
			name = SaryAppUITests;
			productName = SaryAppUITests;
			productReference = CEC50D382A1566D000178572 /* SaryAppUITests.xctest */;
			productType = "com.apple.product-type.bundle.ui-testing";
		};
/* End PBXNativeTarget section */

/* Begin PBXProject section */
		CEC50D102A1566CD00178572 /* Project object */ = {
			isa = PBXProject;
			attributes = {
				BuildIndependentTargetsInParallel = 1;
				LastSwiftUpdateCheck = 1410;
				LastUpgradeCheck = 1410;
				TargetAttributes = {
					CEC50D172A1566CD00178572 = {
						CreatedOnToolsVersion = 14.1;
					};
					CEC50D2D2A1566D000178572 = {
						CreatedOnToolsVersion = 14.1;
						TestTargetID = CEC50D172A1566CD00178572;
					};
					CEC50D372A1566D000178572 = {
						CreatedOnToolsVersion = 14.1;
						TestTargetID = CEC50D172A1566CD00178572;
					};
				};
			};
			buildConfigurationList = CEC50D132A1566CD00178572 /* Build configuration list for PBXProject "SaryApp" */;
			compatibilityVersion = "Xcode 14.0";
			developmentRegion = en;
			hasScannedForEncodings = 0;
			knownRegions = (
				en,
				Base,
			);
			mainGroup = CEC50D0F2A1566CD00178572;
			productRefGroup = CEC50D192A1566CD00178572 /* Products */;
			projectDirPath = "";
			projectRoot = "";
			targets = (
				CEC50D172A1566CD00178572 /* SaryApp */,
				CEC50D2D2A1566D000178572 /* SaryAppTests */,
				CEC50D372A1566D000178572 /* SaryAppUITests */,
			);
		};
/* End PBXProject section */

/* Begin PBXResourcesBuildPhase section */
		CEC50D162A1566CD00178572 /* Resources */ = {
			isa = PBXResourcesBuildPhase;
			buildActionMask = 2147483647;
			files = (
				CEC50D792A1567A700178572 /* IndicatorView.xib in Resources */,
				CE9B43072A2DA24F0099D5B1 /* RateTableViewCell.xib in Resources */,
				CEC50D282A1566D000178572 /* LaunchScreen.storyboard in Resources */,
				CE9B43022A2D9F620099D5B1 /* DetailsViewController.xib in Resources */,
				CEC50DCB2A17B5F800178572 /* Main.storyboard in Resources */,
				CE9B43112A2FCD090099D5B1 /* HistoryTableViewCell.xib in Resources */,
				CEC50D252A1566D000178572 /* Assets.xcassets in Resources */,
			);
			runOnlyForDeploymentPostprocessing = 0;
		};
		CEC50D2C2A1566D000178572 /* Resources */ = {
			isa = PBXResourcesBuildPhase;
			buildActionMask = 2147483647;
			files = (
			);
			runOnlyForDeploymentPostprocessing = 0;
		};
		CEC50D362A1566D000178572 /* Resources */ = {
			isa = PBXResourcesBuildPhase;
			buildActionMask = 2147483647;
			files = (
			);
			runOnlyForDeploymentPostprocessing = 0;
		};
/* End PBXResourcesBuildPhase section */

/* Begin PBXShellScriptBuildPhase section */
		00757E606DF61A1BF5C4B710 /* [CP] Check Pods Manifest.lock */ = {
			isa = PBXShellScriptBuildPhase;
			buildActionMask = 2147483647;
			files = (
			);
			inputFileListPaths = (
			);
			inputPaths = (
				"${PODS_PODFILE_DIR_PATH}/Podfile.lock",
				"${PODS_ROOT}/Manifest.lock",
			);
			name = "[CP] Check Pods Manifest.lock";
			outputFileListPaths = (
			);
			outputPaths = (
				"$(DERIVED_FILE_DIR)/Pods-SaryApp-SaryAppUITests-checkManifestLockResult.txt",
			);
			runOnlyForDeploymentPostprocessing = 0;
			shellPath = /bin/sh;
			shellScript = "diff \"${PODS_PODFILE_DIR_PATH}/Podfile.lock\" \"${PODS_ROOT}/Manifest.lock\" > /dev/null\nif [ $? != 0 ] ; then\n    # print error to STDERR\n    echo \"error: The sandbox is not in sync with the Podfile.lock. Run 'pod install' or update your CocoaPods installation.\" >&2\n    exit 1\nfi\n# This output is used by Xcode 'outputs' to avoid re-running this script phase.\necho \"SUCCESS\" > \"${SCRIPT_OUTPUT_FILE_0}\"\n";
			showEnvVarsInLog = 0;
		};
		14B99B24E70D58C40FA1BDD2 /* [CP] Check Pods Manifest.lock */ = {
			isa = PBXShellScriptBuildPhase;
			buildActionMask = 2147483647;
			files = (
			);
			inputFileListPaths = (
			);
			inputPaths = (
				"${PODS_PODFILE_DIR_PATH}/Podfile.lock",
				"${PODS_ROOT}/Manifest.lock",
			);
			name = "[CP] Check Pods Manifest.lock";
			outputFileListPaths = (
			);
			outputPaths = (
				"$(DERIVED_FILE_DIR)/Pods-SaryApp-checkManifestLockResult.txt",
			);
			runOnlyForDeploymentPostprocessing = 0;
			shellPath = /bin/sh;
			shellScript = "diff \"${PODS_PODFILE_DIR_PATH}/Podfile.lock\" \"${PODS_ROOT}/Manifest.lock\" > /dev/null\nif [ $? != 0 ] ; then\n    # print error to STDERR\n    echo \"error: The sandbox is not in sync with the Podfile.lock. Run 'pod install' or update your CocoaPods installation.\" >&2\n    exit 1\nfi\n# This output is used by Xcode 'outputs' to avoid re-running this script phase.\necho \"SUCCESS\" > \"${SCRIPT_OUTPUT_FILE_0}\"\n";
			showEnvVarsInLog = 0;
		};
		B83B7090910E84DFFEC5A823 /* [CP] Embed Pods Frameworks */ = {
			isa = PBXShellScriptBuildPhase;
			buildActionMask = 2147483647;
			files = (
			);
			inputFileListPaths = (
				"${PODS_ROOT}/Target Support Files/Pods-SaryApp/Pods-SaryApp-frameworks-${CONFIGURATION}-input-files.xcfilelist",
			);
			name = "[CP] Embed Pods Frameworks";
			outputFileListPaths = (
				"${PODS_ROOT}/Target Support Files/Pods-SaryApp/Pods-SaryApp-frameworks-${CONFIGURATION}-output-files.xcfilelist",
			);
			runOnlyForDeploymentPostprocessing = 0;
			shellPath = /bin/sh;
			shellScript = "\"${PODS_ROOT}/Target Support Files/Pods-SaryApp/Pods-SaryApp-frameworks.sh\"\n";
			showEnvVarsInLog = 0;
		};
		C28334C02EDE62859EE30ABB /* [CP] Embed Pods Frameworks */ = {
			isa = PBXShellScriptBuildPhase;
			buildActionMask = 2147483647;
			files = (
			);
			inputFileListPaths = (
				"${PODS_ROOT}/Target Support Files/Pods-SaryApp-SaryAppUITests/Pods-SaryApp-SaryAppUITests-frameworks-${CONFIGURATION}-input-files.xcfilelist",
			);
			name = "[CP] Embed Pods Frameworks";
			outputFileListPaths = (
				"${PODS_ROOT}/Target Support Files/Pods-SaryApp-SaryAppUITests/Pods-SaryApp-SaryAppUITests-frameworks-${CONFIGURATION}-output-files.xcfilelist",
			);
			runOnlyForDeploymentPostprocessing = 0;
			shellPath = /bin/sh;
			shellScript = "\"${PODS_ROOT}/Target Support Files/Pods-SaryApp-SaryAppUITests/Pods-SaryApp-SaryAppUITests-frameworks.sh\"\n";
			showEnvVarsInLog = 0;
		};
		FAC8161CD2053654C58640F0 /* [CP] Check Pods Manifest.lock */ = {
			isa = PBXShellScriptBuildPhase;
			buildActionMask = 2147483647;
			files = (
			);
			inputFileListPaths = (
			);
			inputPaths = (
				"${PODS_PODFILE_DIR_PATH}/Podfile.lock",
				"${PODS_ROOT}/Manifest.lock",
			);
			name = "[CP] Check Pods Manifest.lock";
			outputFileListPaths = (
			);
			outputPaths = (
				"$(DERIVED_FILE_DIR)/Pods-SaryAppTests-checkManifestLockResult.txt",
			);
			runOnlyForDeploymentPostprocessing = 0;
			shellPath = /bin/sh;
			shellScript = "diff \"${PODS_PODFILE_DIR_PATH}/Podfile.lock\" \"${PODS_ROOT}/Manifest.lock\" > /dev/null\nif [ $? != 0 ] ; then\n    # print error to STDERR\n    echo \"error: The sandbox is not in sync with the Podfile.lock. Run 'pod install' or update your CocoaPods installation.\" >&2\n    exit 1\nfi\n# This output is used by Xcode 'outputs' to avoid re-running this script phase.\necho \"SUCCESS\" > \"${SCRIPT_OUTPUT_FILE_0}\"\n";
			showEnvVarsInLog = 0;
		};
/* End PBXShellScriptBuildPhase section */

/* Begin PBXSourcesBuildPhase section */
		CEC50D142A1566CD00178572 /* Sources */ = {
			isa = PBXSourcesBuildPhase;
			buildActionMask = 2147483647;
			files = (
				CEC50DBF2A157D5C00178572 /* CurrencyConverterViewModel.swift in Sources */,
				CE9B43062A2DA24F0099D5B1 /* RateTableViewCell.swift in Sources */,
				CEC50D992A1567B700178572 /* BaseError.swift in Sources */,
				CEC50D982A1567B700178572 /* BaseViewController.swift in Sources */,
				CE9B42F52A2D4B900099D5B1 /* DetailsDataSource.swift in Sources */,
				CEC50D882A1567A700178572 /* BaseService.swift in Sources */,
				CEC50DCF2A18029400178572 /* CurrencyResponseModel.swift in Sources */,
				CEC50D952A1567B700178572 /* BaseViewModel.swift in Sources */,
				CE9B42FB2A2D4F7A0099D5B1 /* DetailsViewModel.swift in Sources */,
				CEC50D722A1567A700178572 /* Validator.swift in Sources */,
				CEC50D852A1567A700178572 /* NavigationManager.swift in Sources */,
				CEC50DD82A18066500178572 /* CurrencyUseCase.swift in Sources */,
				CE9B42F82A2D4E5E0099D5B1 /* HistoricalResponseModel.swift in Sources */,
				CE58F2212A2BA664004B8C01 /* CurrencyConverterViewController.swift in Sources */,
				CEC50D782A1567A700178572 /* IndicatorView.swift in Sources */,
				CE9B42F32A2D4B3A0099D5B1 /* DetailsRepository.swift in Sources */,
				CEC50D832A1567A700178572 /* UIVIew+Extesion.swift in Sources */,
				CEC50D972A1567B700178572 /* BaseResponseModel.swift in Sources */,
				CEC50DF62A18CDCC00178572 /* Model+Error.swift in Sources */,
				CEC50D752A1567A700178572 /* StoryboardNames.swift in Sources */,
				CEC50DFE2A18CEFA00178572 /* PrintHelper.swift in Sources */,
				CE9B42FD2A2D54C80099D5B1 /* LatestUsecase.swift in Sources */,
				CEC50D862A1567A700178572 /* BaseRequest.swift in Sources */,
				CE9B43012A2D9F620099D5B1 /* DetailsViewController.swift in Sources */,
				CEC50D1C2A1566CD00178572 /* AppDelegate.swift in Sources */,
				CEC50D872A1567A700178572 /* GenaricAPI.swift in Sources */,
				CEC50DED2A18CDCC00178572 /* Environment.swift in Sources */,
				CEC50D962A1567B700178572 /* BaseUseCase.swift in Sources */,
				CEC50E0E2A1AB34A00178572 /* DetailsUseCase.swift in Sources */,
				CEC50DD52A18060C00178572 /* HomeRepository.swift in Sources */,
				CE9B43102A2FCD090099D5B1 /* HistoryTableViewCell.swift in Sources */,
				CEFB189A2A2B567E00192DBF /* HomeDataSource.swift in Sources */,
				CEC50D1E2A1566CD00178572 /* SceneDelegate.swift in Sources */,
			);
			runOnlyForDeploymentPostprocessing = 0;
		};
		CEC50D2A2A1566D000178572 /* Sources */ = {
			isa = PBXSourcesBuildPhase;
			buildActionMask = 2147483647;
			files = (
				CEC50D332A1566D000178572 /* SaryAppTests.swift in Sources */,
			);
			runOnlyForDeploymentPostprocessing = 0;
		};
		CEC50D342A1566D000178572 /* Sources */ = {
			isa = PBXSourcesBuildPhase;
			buildActionMask = 2147483647;
			files = (
				CEC50D3D2A1566D000178572 /* SaryAppUITests.swift in Sources */,
				CEC50D3F2A1566D000178572 /* SaryAppUITestsLaunchTests.swift in Sources */,
			);
			runOnlyForDeploymentPostprocessing = 0;
		};
/* End PBXSourcesBuildPhase section */

/* Begin PBXTargetDependency section */
		CEC50D302A1566D000178572 /* PBXTargetDependency */ = {
			isa = PBXTargetDependency;
			target = CEC50D172A1566CD00178572 /* SaryApp */;
			targetProxy = CEC50D2F2A1566D000178572 /* PBXContainerItemProxy */;
		};
		CEC50D3A2A1566D000178572 /* PBXTargetDependency */ = {
			isa = PBXTargetDependency;
			target = CEC50D172A1566CD00178572 /* SaryApp */;
			targetProxy = CEC50D392A1566D000178572 /* PBXContainerItemProxy */;
		};
/* End PBXTargetDependency section */

/* Begin PBXVariantGroup section */
		CEC50D262A1566D000178572 /* LaunchScreen.storyboard */ = {
			isa = PBXVariantGroup;
			children = (
				CEC50D272A1566D000178572 /* Base */,
			);
			name = LaunchScreen.storyboard;
			sourceTree = "<group>";
		};
/* End PBXVariantGroup section */

/* Begin XCBuildConfiguration section */
		CEC50D402A1566D000178572 /* Debug */ = {
			isa = XCBuildConfiguration;
			buildSettings = {
				ALWAYS_SEARCH_USER_PATHS = NO;
				CLANG_ANALYZER_NONNULL = YES;
				CLANG_ANALYZER_NUMBER_OBJECT_CONVERSION = YES_AGGRESSIVE;
				CLANG_CXX_LANGUAGE_STANDARD = "gnu++20";
				CLANG_ENABLE_MODULES = YES;
				CLANG_ENABLE_OBJC_ARC = YES;
				CLANG_ENABLE_OBJC_WEAK = YES;
				CLANG_WARN_BLOCK_CAPTURE_AUTORELEASING = YES;
				CLANG_WARN_BOOL_CONVERSION = YES;
				CLANG_WARN_COMMA = YES;
				CLANG_WARN_CONSTANT_CONVERSION = YES;
				CLANG_WARN_DEPRECATED_OBJC_IMPLEMENTATIONS = YES;
				CLANG_WARN_DIRECT_OBJC_ISA_USAGE = YES_ERROR;
				CLANG_WARN_DOCUMENTATION_COMMENTS = YES;
				CLANG_WARN_EMPTY_BODY = YES;
				CLANG_WARN_ENUM_CONVERSION = YES;
				CLANG_WARN_INFINITE_RECURSION = YES;
				CLANG_WARN_INT_CONVERSION = YES;
				CLANG_WARN_NON_LITERAL_NULL_CONVERSION = YES;
				CLANG_WARN_OBJC_IMPLICIT_RETAIN_SELF = YES;
				CLANG_WARN_OBJC_LITERAL_CONVERSION = YES;
				CLANG_WARN_OBJC_ROOT_CLASS = YES_ERROR;
				CLANG_WARN_QUOTED_INCLUDE_IN_FRAMEWORK_HEADER = YES;
				CLANG_WARN_RANGE_LOOP_ANALYSIS = YES;
				CLANG_WARN_STRICT_PROTOTYPES = YES;
				CLANG_WARN_SUSPICIOUS_MOVE = YES;
				CLANG_WARN_UNGUARDED_AVAILABILITY = YES_AGGRESSIVE;
				CLANG_WARN_UNREACHABLE_CODE = YES;
				CLANG_WARN__DUPLICATE_METHOD_MATCH = YES;
				COPY_PHASE_STRIP = NO;
				DEBUG_INFORMATION_FORMAT = dwarf;
				ENABLE_STRICT_OBJC_MSGSEND = YES;
				ENABLE_TESTABILITY = YES;
				GCC_C_LANGUAGE_STANDARD = gnu11;
				GCC_DYNAMIC_NO_PIC = NO;
				GCC_NO_COMMON_BLOCKS = YES;
				GCC_OPTIMIZATION_LEVEL = 0;
				GCC_PREPROCESSOR_DEFINITIONS = (
					"DEBUG=1",
					"$(inherited)",
				);
				GCC_WARN_64_TO_32_BIT_CONVERSION = YES;
				GCC_WARN_ABOUT_RETURN_TYPE = YES_ERROR;
				GCC_WARN_UNDECLARED_SELECTOR = YES;
				GCC_WARN_UNINITIALIZED_AUTOS = YES_AGGRESSIVE;
				GCC_WARN_UNUSED_FUNCTION = YES;
				GCC_WARN_UNUSED_VARIABLE = YES;
				IPHONEOS_DEPLOYMENT_TARGET = 11.0;
				MTL_ENABLE_DEBUG_INFO = INCLUDE_SOURCE;
				MTL_FAST_MATH = YES;
				ONLY_ACTIVE_ARCH = YES;
				SDKROOT = iphoneos;
				SWIFT_ACTIVE_COMPILATION_CONDITIONS = DEBUG;
				SWIFT_OPTIMIZATION_LEVEL = "-Onone";
			};
			name = Debug;
		};
		CEC50D412A1566D000178572 /* Release */ = {
			isa = XCBuildConfiguration;
			buildSettings = {
				ALWAYS_SEARCH_USER_PATHS = NO;
				CLANG_ANALYZER_NONNULL = YES;
				CLANG_ANALYZER_NUMBER_OBJECT_CONVERSION = YES_AGGRESSIVE;
				CLANG_CXX_LANGUAGE_STANDARD = "gnu++20";
				CLANG_ENABLE_MODULES = YES;
				CLANG_ENABLE_OBJC_ARC = YES;
				CLANG_ENABLE_OBJC_WEAK = YES;
				CLANG_WARN_BLOCK_CAPTURE_AUTORELEASING = YES;
				CLANG_WARN_BOOL_CONVERSION = YES;
				CLANG_WARN_COMMA = YES;
				CLANG_WARN_CONSTANT_CONVERSION = YES;
				CLANG_WARN_DEPRECATED_OBJC_IMPLEMENTATIONS = YES;
				CLANG_WARN_DIRECT_OBJC_ISA_USAGE = YES_ERROR;
				CLANG_WARN_DOCUMENTATION_COMMENTS = YES;
				CLANG_WARN_EMPTY_BODY = YES;
				CLANG_WARN_ENUM_CONVERSION = YES;
				CLANG_WARN_INFINITE_RECURSION = YES;
				CLANG_WARN_INT_CONVERSION = YES;
				CLANG_WARN_NON_LITERAL_NULL_CONVERSION = YES;
				CLANG_WARN_OBJC_IMPLICIT_RETAIN_SELF = YES;
				CLANG_WARN_OBJC_LITERAL_CONVERSION = YES;
				CLANG_WARN_OBJC_ROOT_CLASS = YES_ERROR;
				CLANG_WARN_QUOTED_INCLUDE_IN_FRAMEWORK_HEADER = YES;
				CLANG_WARN_RANGE_LOOP_ANALYSIS = YES;
				CLANG_WARN_STRICT_PROTOTYPES = YES;
				CLANG_WARN_SUSPICIOUS_MOVE = YES;
				CLANG_WARN_UNGUARDED_AVAILABILITY = YES_AGGRESSIVE;
				CLANG_WARN_UNREACHABLE_CODE = YES;
				CLANG_WARN__DUPLICATE_METHOD_MATCH = YES;
				COPY_PHASE_STRIP = NO;
				DEBUG_INFORMATION_FORMAT = "dwarf-with-dsym";
				ENABLE_NS_ASSERTIONS = NO;
				ENABLE_STRICT_OBJC_MSGSEND = YES;
				GCC_C_LANGUAGE_STANDARD = gnu11;
				GCC_NO_COMMON_BLOCKS = YES;
				GCC_WARN_64_TO_32_BIT_CONVERSION = YES;
				GCC_WARN_ABOUT_RETURN_TYPE = YES_ERROR;
				GCC_WARN_UNDECLARED_SELECTOR = YES;
				GCC_WARN_UNINITIALIZED_AUTOS = YES_AGGRESSIVE;
				GCC_WARN_UNUSED_FUNCTION = YES;
				GCC_WARN_UNUSED_VARIABLE = YES;
				IPHONEOS_DEPLOYMENT_TARGET = 11.0;
				MTL_ENABLE_DEBUG_INFO = NO;
				MTL_FAST_MATH = YES;
				SDKROOT = iphoneos;
				SWIFT_COMPILATION_MODE = wholemodule;
				SWIFT_OPTIMIZATION_LEVEL = "-O";
				VALIDATE_PRODUCT = YES;
			};
			name = Release;
		};
		CEC50D432A1566D000178572 /* Debug */ = {
			isa = XCBuildConfiguration;
			baseConfigurationReference = E3757C1076550960631E3980 /* Pods-SaryApp.debug.xcconfig */;
			buildSettings = {
				ASSETCATALOG_COMPILER_APPICON_NAME = AppIcon;
				ASSETCATALOG_COMPILER_GLOBAL_ACCENT_COLOR_NAME = AccentColor;
				CODE_SIGN_STYLE = Automatic;
				CURRENT_PROJECT_VERSION = 1;
				DEVELOPMENT_TEAM = 55ZAR68Z5N;
				GENERATE_INFOPLIST_FILE = YES;
				INFOPLIST_FILE = SaryApp/Info.plist;
				INFOPLIST_KEY_CFBundleDisplayName = CurrencyApp;
				INFOPLIST_KEY_UIApplicationSupportsIndirectInputEvents = YES;
				INFOPLIST_KEY_UILaunchStoryboardName = LaunchScreen.storyboard;
				INFOPLIST_KEY_UIMainStoryboardFile = Main;
				INFOPLIST_KEY_UISupportedInterfaceOrientations = UIInterfaceOrientationPortrait;
				IPHONEOS_DEPLOYMENT_TARGET = 11.0;
				LD_RUNPATH_SEARCH_PATHS = (
					"$(inherited)",
					"@executable_path/Frameworks",
				);
				MARKETING_VERSION = 1.0;
				PRODUCT_BUNDLE_IDENTIFIER = com.glamera.test.SaryApp;
				PRODUCT_NAME = "$(TARGET_NAME)";
				SWIFT_EMIT_LOC_STRINGS = YES;
				SWIFT_VERSION = 5.0;
				TARGETED_DEVICE_FAMILY = "1,2";
			};
			name = Debug;
		};
		CEC50D442A1566D000178572 /* Release */ = {
			isa = XCBuildConfiguration;
			baseConfigurationReference = 2EFD12A987579C339E1FCC81 /* Pods-SaryApp.release.xcconfig */;
			buildSettings = {
				ASSETCATALOG_COMPILER_APPICON_NAME = AppIcon;
				ASSETCATALOG_COMPILER_GLOBAL_ACCENT_COLOR_NAME = AccentColor;
				CODE_SIGN_STYLE = Automatic;
				CURRENT_PROJECT_VERSION = 1;
				DEVELOPMENT_TEAM = 55ZAR68Z5N;
				GENERATE_INFOPLIST_FILE = YES;
				INFOPLIST_FILE = SaryApp/Info.plist;
				INFOPLIST_KEY_CFBundleDisplayName = CurrencyApp;
				INFOPLIST_KEY_UIApplicationSupportsIndirectInputEvents = YES;
				INFOPLIST_KEY_UILaunchStoryboardName = LaunchScreen.storyboard;
				INFOPLIST_KEY_UIMainStoryboardFile = Main;
				INFOPLIST_KEY_UISupportedInterfaceOrientations = UIInterfaceOrientationPortrait;
				IPHONEOS_DEPLOYMENT_TARGET = 11.0;
				LD_RUNPATH_SEARCH_PATHS = (
					"$(inherited)",
					"@executable_path/Frameworks",
				);
				MARKETING_VERSION = 1.0;
				PRODUCT_BUNDLE_IDENTIFIER = com.glamera.test.SaryApp;
				PRODUCT_NAME = "$(TARGET_NAME)";
				SWIFT_EMIT_LOC_STRINGS = YES;
				SWIFT_VERSION = 5.0;
				TARGETED_DEVICE_FAMILY = "1,2";
			};
			name = Release;
		};
		CEC50D462A1566D000178572 /* Debug */ = {
			isa = XCBuildConfiguration;
			baseConfigurationReference = 918A665B9033C177ADCC1190 /* Pods-SaryAppTests.debug.xcconfig */;
			buildSettings = {
				ALWAYS_EMBED_SWIFT_STANDARD_LIBRARIES = YES;
				BUNDLE_LOADER = "$(TEST_HOST)";
				CODE_SIGN_STYLE = Automatic;
				CURRENT_PROJECT_VERSION = 1;
				DEVELOPMENT_TEAM = 55ZAR68Z5N;
				GENERATE_INFOPLIST_FILE = YES;
				IPHONEOS_DEPLOYMENT_TARGET = 16.1;
				MARKETING_VERSION = 1.0;
				PRODUCT_BUNDLE_IDENTIFIER = com.glamera.test.SaryAppTests;
				PRODUCT_NAME = "$(TARGET_NAME)";
				SWIFT_EMIT_LOC_STRINGS = NO;
				SWIFT_VERSION = 5.0;
				TARGETED_DEVICE_FAMILY = "1,2";
				TEST_HOST = "$(BUILT_PRODUCTS_DIR)/SaryApp.app/$(BUNDLE_EXECUTABLE_FOLDER_PATH)/SaryApp";
			};
			name = Debug;
		};
		CEC50D472A1566D000178572 /* Release */ = {
			isa = XCBuildConfiguration;
			baseConfigurationReference = 550EAF15C2F5CF9450446F0E /* Pods-SaryAppTests.release.xcconfig */;
			buildSettings = {
				ALWAYS_EMBED_SWIFT_STANDARD_LIBRARIES = YES;
				BUNDLE_LOADER = "$(TEST_HOST)";
				CODE_SIGN_STYLE = Automatic;
				CURRENT_PROJECT_VERSION = 1;
				DEVELOPMENT_TEAM = 55ZAR68Z5N;
				GENERATE_INFOPLIST_FILE = YES;
				IPHONEOS_DEPLOYMENT_TARGET = 16.1;
				MARKETING_VERSION = 1.0;
				PRODUCT_BUNDLE_IDENTIFIER = com.glamera.test.SaryAppTests;
				PRODUCT_NAME = "$(TARGET_NAME)";
				SWIFT_EMIT_LOC_STRINGS = NO;
				SWIFT_VERSION = 5.0;
				TARGETED_DEVICE_FAMILY = "1,2";
				TEST_HOST = "$(BUILT_PRODUCTS_DIR)/SaryApp.app/$(BUNDLE_EXECUTABLE_FOLDER_PATH)/SaryApp";
			};
			name = Release;
		};
		CEC50D492A1566D000178572 /* Debug */ = {
			isa = XCBuildConfiguration;
			baseConfigurationReference = 2A423A4D8150AE482A334C0E /* Pods-SaryApp-SaryAppUITests.debug.xcconfig */;
			buildSettings = {
				ALWAYS_EMBED_SWIFT_STANDARD_LIBRARIES = YES;
				CODE_SIGN_STYLE = Automatic;
				CURRENT_PROJECT_VERSION = 1;
				DEVELOPMENT_TEAM = 55ZAR68Z5N;
				GENERATE_INFOPLIST_FILE = YES;
				MARKETING_VERSION = 1.0;
				PRODUCT_BUNDLE_IDENTIFIER = com.glamera.test.SaryAppUITests;
				PRODUCT_NAME = "$(TARGET_NAME)";
				SWIFT_EMIT_LOC_STRINGS = NO;
				SWIFT_VERSION = 5.0;
				TARGETED_DEVICE_FAMILY = "1,2";
				TEST_TARGET_NAME = SaryApp;
			};
			name = Debug;
		};
		CEC50D4A2A1566D000178572 /* Release */ = {
			isa = XCBuildConfiguration;
			baseConfigurationReference = 959E3AA1366D79B9C92505A4 /* Pods-SaryApp-SaryAppUITests.release.xcconfig */;
			buildSettings = {
				ALWAYS_EMBED_SWIFT_STANDARD_LIBRARIES = YES;
				CODE_SIGN_STYLE = Automatic;
				CURRENT_PROJECT_VERSION = 1;
				DEVELOPMENT_TEAM = 55ZAR68Z5N;
				GENERATE_INFOPLIST_FILE = YES;
				MARKETING_VERSION = 1.0;
				PRODUCT_BUNDLE_IDENTIFIER = com.glamera.test.SaryAppUITests;
				PRODUCT_NAME = "$(TARGET_NAME)";
				SWIFT_EMIT_LOC_STRINGS = NO;
				SWIFT_VERSION = 5.0;
				TARGETED_DEVICE_FAMILY = "1,2";
				TEST_TARGET_NAME = SaryApp;
			};
			name = Release;
		};
/* End XCBuildConfiguration section */

/* Begin XCConfigurationList section */
		CEC50D132A1566CD00178572 /* Build configuration list for PBXProject "SaryApp" */ = {
			isa = XCConfigurationList;
			buildConfigurations = (
				CEC50D402A1566D000178572 /* Debug */,
				CEC50D412A1566D000178572 /* Release */,
			);
			defaultConfigurationIsVisible = 0;
			defaultConfigurationName = Release;
		};
		CEC50D422A1566D000178572 /* Build configuration list for PBXNativeTarget "SaryApp" */ = {
			isa = XCConfigurationList;
			buildConfigurations = (
				CEC50D432A1566D000178572 /* Debug */,
				CEC50D442A1566D000178572 /* Release */,
			);
			defaultConfigurationIsVisible = 0;
			defaultConfigurationName = Release;
		};
		CEC50D452A1566D000178572 /* Build configuration list for PBXNativeTarget "SaryAppTests" */ = {
			isa = XCConfigurationList;
			buildConfigurations = (
				CEC50D462A1566D000178572 /* Debug */,
				CEC50D472A1566D000178572 /* Release */,
			);
			defaultConfigurationIsVisible = 0;
			defaultConfigurationName = Release;
		};
		CEC50D482A1566D000178572 /* Build configuration list for PBXNativeTarget "SaryAppUITests" */ = {
			isa = XCConfigurationList;
			buildConfigurations = (
				CEC50D492A1566D000178572 /* Debug */,
				CEC50D4A2A1566D000178572 /* Release */,
			);
			defaultConfigurationIsVisible = 0;
			defaultConfigurationName = Release;
		};
/* End XCConfigurationList section */
	};
	rootObject = CEC50D102A1566CD00178572 /* Project object */;
}
