// !$*UTF8*$!
{
	archiveVersion = 1;
	classes = {
	};
	objectVersion = 56;
	objects = {

/* Begin PBXBuildFile section */
		CEC50D1C2A1566CD00178572 /* AppDelegate.swift in Sources */ = {isa = PBXBuildFile; fileRef = CEC50D1B2A1566CD00178572 /* AppDelegate.swift */; };
		CEC50D1E2A1566CD00178572 /* SceneDelegate.swift in Sources */ = {isa = PBXBuildFile; fileRef = CEC50D1D2A1566CD00178572 /* SceneDelegate.swift */; };
		CEC50D202A1566CD00178572 /* ViewController.swift in Sources */ = {isa = PBXBuildFile; fileRef = CEC50D1F2A1566CD00178572 /* ViewController.swift */; };
		CEC50D232A1566CD00178572 /* Main.storyboard in Resources */ = {isa = PBXBuildFile; fileRef = CEC50D212A1566CD00178572 /* Main.storyboard */; };
		CEC50D252A1566D000178572 /* Assets.xcassets in Resources */ = {isa = PBXBuildFile; fileRef = CEC50D242A1566D000178572 /* Assets.xcassets */; };
		CEC50D282A1566D000178572 /* LaunchScreen.storyboard in Resources */ = {isa = PBXBuildFile; fileRef = CEC50D262A1566D000178572 /* LaunchScreen.storyboard */; };
		CEC50D332A1566D000178572 /* SaryAppTests.swift in Sources */ = {isa = PBXBuildFile; fileRef = CEC50D322A1566D000178572 /* SaryAppTests.swift */; };
		CEC50D3D2A1566D000178572 /* SaryAppUITests.swift in Sources */ = {isa = PBXBuildFile; fileRef = CEC50D3C2A1566D000178572 /* SaryAppUITests.swift */; };
		CEC50D3F2A1566D000178572 /* SaryAppUITestsLaunchTests.swift in Sources */ = {isa = PBXBuildFile; fileRef = CEC50D3E2A1566D000178572 /* SaryAppUITestsLaunchTests.swift */; };
/* End PBXBuildFile section */

/* Begin PBXContainerItemProxy section */
		CEC50D2F2A1566D000178572 /* PBXContainerItemProxy */ = {
			isa = PBXContainerItemProxy;
			containerPortal = CEC50D102A1566CD00178572 /* Project object */;
			proxyType = 1;
			remoteGlobalIDString = CEC50D172A1566CD00178572;
			remoteInfo = SaryApp;
		};
		CEC50D392A1566D000178572 /* PBXContainerItemProxy */ = {
			isa = PBXContainerItemProxy;
			containerPortal = CEC50D102A1566CD00178572 /* Project object */;
			proxyType = 1;
			remoteGlobalIDString = CEC50D172A1566CD00178572;
			remoteInfo = SaryApp;
		};
/* End PBXContainerItemProxy section */

/* Begin PBXFileReference section */
		CEC50D182A1566CD00178572 /* SaryApp.app */ = {isa = PBXFileReference; explicitFileType = wrapper.application; includeInIndex = 0; path = SaryApp.app; sourceTree = BUILT_PRODUCTS_DIR; };
		CEC50D1B2A1566CD00178572 /* AppDelegate.swift */ = {isa = PBXFileReference; lastKnownFileType = sourcecode.swift; path = AppDelegate.swift; sourceTree = "<group>"; };
		CEC50D1D2A1566CD00178572 /* SceneDelegate.swift */ = {isa = PBXFileReference; lastKnownFileType = sourcecode.swift; path = SceneDelegate.swift; sourceTree = "<group>"; };
		CEC50D1F2A1566CD00178572 /* ViewController.swift */ = {isa = PBXFileReference; lastKnownFileType = sourcecode.swift; path = ViewController.swift; sourceTree = "<group>"; };
		CEC50D222A1566CD00178572 /* Base */ = {isa = PBXFileReference; lastKnownFileType = file.storyboard; name = Base; path = Base.lproj/Main.storyboard; sourceTree = "<group>"; };
		CEC50D242A1566D000178572 /* Assets.xcassets */ = {isa = PBXFileReference; lastKnownFileType = folder.assetcatalog; path = Assets.xcassets; sourceTree = "<group>"; };
		CEC50D272A1566D000178572 /* Base */ = {isa = PBXFileReference; lastKnownFileType = file.storyboard; name = Base; path = Base.lproj/LaunchScreen.storyboard; sourceTree = "<group>"; };
		CEC50D292A1566D000178572 /* Info.plist */ = {isa = PBXFileReference; lastKnownFileType = text.plist.xml; path = Info.plist; sourceTree = "<group>"; };
		CEC50D2E2A1566D000178572 /* SaryAppTests.xctest */ = {isa = PBXFileReference; explicitFileType = wrapper.cfbundle; includeInIndex = 0; path = SaryAppTests.xctest; sourceTree = BUILT_PRODUCTS_DIR; };
		CEC50D322A1566D000178572 /* SaryAppTests.swift */ = {isa = PBXFileReference; lastKnownFileType = sourcecode.swift; path = SaryAppTests.swift; sourceTree = "<group>"; };
		CEC50D382A1566D000178572 /* SaryAppUITests.xctest */ = {isa = PBXFileReference; explicitFileType = wrapper.cfbundle; includeInIndex = 0; path = SaryAppUITests.xctest; sourceTree = BUILT_PRODUCTS_DIR; };
		CEC50D3C2A1566D000178572 /* SaryAppUITests.swift */ = {isa = PBXFileReference; lastKnownFileType = sourcecode.swift; path = SaryAppUITests.swift; sourceTree = "<group>"; };
		CEC50D3E2A1566D000178572 /* SaryAppUITestsLaunchTests.swift */ = {isa = PBXFileReference; lastKnownFileType = sourcecode.swift; path = SaryAppUITestsLaunchTests.swift; sourceTree = "<group>"; };
/* End PBXFileReference section */

/* Begin PBXFrameworksBuildPhase section */
		CEC50D152A1566CD00178572 /* Frameworks */ = {
			isa = PBXFrameworksBuildPhase;
			buildActionMask = 2147483647;
			files = (
			);
			runOnlyForDeploymentPostprocessing = 0;
		};
		CEC50D2B2A1566D000178572 /* Frameworks */ = {
			isa = PBXFrameworksBuildPhase;
			buildActionMask = 2147483647;
			files = (
			);
			runOnlyForDeploymentPostprocessing = 0;
		};
		CEC50D352A1566D000178572 /* Frameworks */ = {
			isa = PBXFrameworksBuildPhase;
			buildActionMask = 2147483647;
			files = (
			);
			runOnlyForDeploymentPostprocessing = 0;
		};
/* End PBXFrameworksBuildPhase section */

/* Begin PBXGroup section */
		CEC50D0F2A1566CD00178572 = {
			isa = PBXGroup;
			children = (
				CEC50D1A2A1566CD00178572 /* SaryApp */,
				CEC50D312A1566D000178572 /* SaryAppTests */,
				CEC50D3B2A1566D000178572 /* SaryAppUITests */,
				CEC50D192A1566CD00178572 /* Products */,
			);
			sourceTree = "<group>";
		};
		CEC50D192A1566CD00178572 /* Products */ = {
			isa = PBXGroup;
			children = (
				CEC50D182A1566CD00178572 /* SaryApp.app */,
				CEC50D2E2A1566D000178572 /* SaryAppTests.xctest */,
				CEC50D382A1566D000178572 /* SaryAppUITests.xctest */,
			);
			name = Products;
			sourceTree = "<group>";
		};
		CEC50D1A2A1566CD00178572 /* SaryApp */ = {
			isa = PBXGroup;
			children = (
				CEC50D1B2A1566CD00178572 /* AppDelegate.swift */,
				CEC50D1D2A1566CD00178572 /* SceneDelegate.swift */,
				CEC50D1F2A1566CD00178572 /* ViewController.swift */,
				CEC50D212A1566CD00178572 /* Main.storyboard */,
				CEC50D242A1566D000178572 /* Assets.xcassets */,
				CEC50D262A1566D000178572 /* LaunchScreen.storyboard */,
				CEC50D292A1566D000178572 /* Info.plist */,
			);
			path = SaryApp;
			sourceTree = "<group>";
		};
		CEC50D312A1566D000178572 /* SaryAppTests */ = {
			isa = PBXGroup;
			children = (
				CEC50D322A1566D000178572 /* SaryAppTests.swift */,
			);
			path = SaryAppTests;
			sourceTree = "<group>";
		};
		CEC50D3B2A1566D000178572 /* SaryAppUITests */ = {
			isa = PBXGroup;
			children = (
				CEC50D3C2A1566D000178572 /* SaryAppUITests.swift */,
				CEC50D3E2A1566D000178572 /* SaryAppUITestsLaunchTests.swift */,
			);
			path = SaryAppUITests;
			sourceTree = "<group>";
		};
/* End PBXGroup section */

/* Begin PBXNativeTarget section */
		CEC50D172A1566CD00178572 /* SaryApp */ = {
			isa = PBXNativeTarget;
			buildConfigurationList = CEC50D422A1566D000178572 /* Build configuration list for PBXNativeTarget "SaryApp" */;
			buildPhases = (
				CEC50D142A1566CD00178572 /* Sources */,
				CEC50D152A1566CD00178572 /* Frameworks */,
				CEC50D162A1566CD00178572 /* Resources */,
			);
			buildRules = (
			);
			dependencies = (
			);
			name = SaryApp;
			productName = SaryApp;
			productReference = CEC50D182A1566CD00178572 /* SaryApp.app */;
			productType = "com.apple.product-type.application";
		};
		CEC50D2D2A1566D000178572 /* SaryAppTests */ = {
			isa = PBXNativeTarget;
			buildConfigurationList = CEC50D452A1566D000178572 /* Build configuration list for PBXNativeTarget "SaryAppTests" */;
			buildPhases = (
				CEC50D2A2A1566D000178572 /* Sources */,
				CEC50D2B2A1566D000178572 /* Frameworks */,
				CEC50D2C2A1566D000178572 /* Resources */,
			);
			buildRules = (
			);
			dependencies = (
				CEC50D302A1566D000178572 /* PBXTargetDependency */,
			);
			name = SaryAppTests;
			productName = SaryAppTests;
			productReference = CEC50D2E2A1566D000178572 /* SaryAppTests.xctest */;
			productType = "com.apple.product-type.bundle.unit-test";
		};
		CEC50D372A1566D000178572 /* SaryAppUITests */ = {
			isa = PBXNativeTarget;
			buildConfigurationList = CEC50D482A1566D000178572 /* Build configuration list for PBXNativeTarget "SaryAppUITests" */;
			buildPhases = (
				CEC50D342A1566D000178572 /* Sources */,
				CEC50D352A1566D000178572 /* Frameworks */,
				CEC50D362A1566D000178572 /* Resources */,
			);
			buildRules = (
			);
			dependencies = (
				CEC50D3A2A1566D000178572 /* PBXTargetDependency */,
			);
			name = SaryAppUITests;
			productName = SaryAppUITests;
			productReference = CEC50D382A1566D000178572 /* SaryAppUITests.xctest */;
			productType = "com.apple.product-type.bundle.ui-testing";
		};
/* End PBXNativeTarget section */

/* Begin PBXProject section */
		CEC50D102A1566CD00178572 /* Project object */ = {
			isa = PBXProject;
			attributes = {
				BuildIndependentTargetsInParallel = 1;
				LastSwiftUpdateCheck = 1410;
				LastUpgradeCheck = 1410;
				TargetAttributes = {
					CEC50D172A1566CD00178572 = {
						CreatedOnToolsVersion = 14.1;
					};
					CEC50D2D2A1566D000178572 = {
						CreatedOnToolsVersion = 14.1;
						TestTargetID = CEC50D172A1566CD00178572;
					};
					CEC50D372A1566D000178572 = {
						CreatedOnToolsVersion = 14.1;
						TestTargetID = CEC50D172A1566CD00178572;
					};
				};
			};
			buildConfigurationList = CEC50D132A1566CD00178572 /* Build configuration list for PBXProject "SaryApp" */;
			compatibilityVersion = "Xcode 14.0";
			developmentRegion = en;
			hasScannedForEncodings = 0;
			knownRegions = (
				en,
				Base,
			);
			mainGroup = CEC50D0F2A1566CD00178572;
			productRefGroup = CEC50D192A1566CD00178572 /* Products */;
			projectDirPath = "";
			projectRoot = "";
			targets = (
				CEC50D172A1566CD00178572 /* SaryApp */,
				CEC50D2D2A1566D000178572 /* SaryAppTests */,
				CEC50D372A1566D000178572 /* SaryAppUITests */,
			);
		};
/* End PBXProject section */

/* Begin PBXResourcesBuildPhase section */
		CEC50D162A1566CD00178572 /* Resources */ = {
			isa = PBXResourcesBuildPhase;
			buildActionMask = 2147483647;
			files = (
				CEC50D282A1566D000178572 /* LaunchScreen.storyboard in Resources */,
				CEC50D252A1566D000178572 /* Assets.xcassets in Resources */,
				CEC50D232A1566CD00178572 /* Main.storyboard in Resources */,
			);
			runOnlyForDeploymentPostprocessing = 0;
		};
		CEC50D2C2A1566D000178572 /* Resources */ = {
			isa = PBXResourcesBuildPhase;
			buildActionMask = 2147483647;
			files = (
			);
			runOnlyForDeploymentPostprocessing = 0;
		};
		CEC50D362A1566D000178572 /* Resources */ = {
			isa = PBXResourcesBuildPhase;
			buildActionMask = 2147483647;
			files = (
			);
			runOnlyForDeploymentPostprocessing = 0;
		};
/* End PBXResourcesBuildPhase section */

/* Begin PBXSourcesBuildPhase section */
		CEC50D142A1566CD00178572 /* Sources */ = {
			isa = PBXSourcesBuildPhase;
			buildActionMask = 2147483647;
			files = (
				CEC50D202A1566CD00178572 /* ViewController.swift in Sources */,
				CEC50D1C2A1566CD00178572 /* AppDelegate.swift in Sources */,
				CEC50D1E2A1566CD00178572 /* SceneDelegate.swift in Sources */,
			);
			runOnlyForDeploymentPostprocessing = 0;
		};
		CEC50D2A2A1566D000178572 /* Sources */ = {
			isa = PBXSourcesBuildPhase;
			buildActionMask = 2147483647;
			files = (
				CEC50D332A1566D000178572 /* SaryAppTests.swift in Sources */,
			);
			runOnlyForDeploymentPostprocessing = 0;
		};
		CEC50D342A1566D000178572 /* Sources */ = {
			isa = PBXSourcesBuildPhase;
			buildActionMask = 2147483647;
			files = (
				CEC50D3D2A1566D000178572 /* SaryAppUITests.swift in Sources */,
				CEC50D3F2A1566D000178572 /* SaryAppUITestsLaunchTests.swift in Sources */,
			);
			runOnlyForDeploymentPostprocessing = 0;
		};
/* End PBXSourcesBuildPhase section */

/* Begin PBXTargetDependency section */
		CEC50D302A1566D000178572 /* PBXTargetDependency */ = {
			isa = PBXTargetDependency;
			target = CEC50D172A1566CD00178572 /* SaryApp */;
			targetProxy = CEC50D2F2A1566D000178572 /* PBXContainerItemProxy */;
		};
		CEC50D3A2A1566D000178572 /* PBXTargetDependency */ = {
			isa = PBXTargetDependency;
			target = CEC50D172A1566CD00178572 /* SaryApp */;
			targetProxy = CEC50D392A1566D000178572 /* PBXContainerItemProxy */;
		};
/* End PBXTargetDependency section */

/* Begin PBXVariantGroup section */
		CEC50D212A1566CD00178572 /* Main.storyboard */ = {
			isa = PBXVariantGroup;
			children = (
				CEC50D222A1566CD00178572 /* Base */,
			);
			name = Main.storyboard;
			sourceTree = "<group>";
		};
		CEC50D262A1566D000178572 /* LaunchScreen.storyboard */ = {
			isa = PBXVariantGroup;
			children = (
				CEC50D272A1566D000178572 /* Base */,
			);
			name = LaunchScreen.storyboard;
			sourceTree = "<group>";
		};
/* End PBXVariantGroup section */

/* Begin XCBuildConfiguration section */
		CEC50D402A1566D000178572 /* Debug */ = {
			isa = XCBuildConfiguration;
			buildSettings = {
				ALWAYS_SEARCH_USER_PATHS = NO;
				CLANG_ANALYZER_NONNULL = YES;
				CLANG_ANALYZER_NUMBER_OBJECT_CONVERSION = YES_AGGRESSIVE;
				CLANG_CXX_LANGUAGE_STANDARD = "gnu++20";
				CLANG_ENABLE_MODULES = YES;
				CLANG_ENABLE_OBJC_ARC = YES;
				CLANG_ENABLE_OBJC_WEAK = YES;
				CLANG_WARN_BLOCK_CAPTURE_AUTORELEASING = YES;
				CLANG_WARN_BOOL_CONVERSION = YES;
				CLANG_WARN_COMMA = YES;
				CLANG_WARN_CONSTANT_CONVERSION = YES;
				CLANG_WARN_DEPRECATED_OBJC_IMPLEMENTATIONS = YES;
				CLANG_WARN_DIRECT_OBJC_ISA_USAGE = YES_ERROR;
				CLANG_WARN_DOCUMENTATION_COMMENTS = YES;
				CLANG_WARN_EMPTY_BODY = YES;
				CLANG_WARN_ENUM_CONVERSION = YES;
				CLANG_WARN_INFINITE_RECURSION = YES;
				CLANG_WARN_INT_CONVERSION = YES;
				CLANG_WARN_NON_LITERAL_NULL_CONVERSION = YES;
				CLANG_WARN_OBJC_IMPLICIT_RETAIN_SELF = YES;
				CLANG_WARN_OBJC_LITERAL_CONVERSION = YES;
				CLANG_WARN_OBJC_ROOT_CLASS = YES_ERROR;
				CLANG_WARN_QUOTED_INCLUDE_IN_FRAMEWORK_HEADER = YES;
				CLANG_WARN_RANGE_LOOP_ANALYSIS = YES;
				CLANG_WARN_STRICT_PROTOTYPES = YES;
				CLANG_WARN_SUSPICIOUS_MOVE = YES;
				CLANG_WARN_UNGUARDED_AVAILABILITY = YES_AGGRESSIVE;
				CLANG_WARN_UNREACHABLE_CODE = YES;
				CLANG_WARN__DUPLICATE_METHOD_MATCH = YES;
				COPY_PHASE_STRIP = NO;
				DEBUG_INFORMATION_FORMAT = dwarf;
				ENABLE_STRICT_OBJC_MSGSEND = YES;
				ENABLE_TESTABILITY = YES;
				GCC_C_LANGUAGE_STANDARD = gnu11;
				GCC_DYNAMIC_NO_PIC = NO;
				GCC_NO_COMMON_BLOCKS = YES;
				GCC_OPTIMIZATION_LEVEL = 0;
				GCC_PREPROCESSOR_DEFINITIONS = (
					"DEBUG=1",
					"$(inherited)",
				);
				GCC_WARN_64_TO_32_BIT_CONVERSION = YES;
				GCC_WARN_ABOUT_RETURN_TYPE = YES_ERROR;
				GCC_WARN_UNDECLARED_SELECTOR = YES;
				GCC_WARN_UNINITIALIZED_AUTOS = YES_AGGRESSIVE;
				GCC_WARN_UNUSED_FUNCTION = YES;
				GCC_WARN_UNUSED_VARIABLE = YES;
				IPHONEOS_DEPLOYMENT_TARGET = 16.1;
				MTL_ENABLE_DEBUG_INFO = INCLUDE_SOURCE;
				MTL_FAST_MATH = YES;
				ONLY_ACTIVE_ARCH = YES;
				SDKROOT = iphoneos;
				SWIFT_ACTIVE_COMPILATION_CONDITIONS = DEBUG;
				SWIFT_OPTIMIZATION_LEVEL = "-Onone";
			};
			name = Debug;
		};
		CEC50D412A1566D000178572 /* Release */ = {
			isa = XCBuildConfiguration;
			buildSettings = {
				ALWAYS_SEARCH_USER_PATHS = NO;
				CLANG_ANALYZER_NONNULL = YES;
				CLANG_ANALYZER_NUMBER_OBJECT_CONVERSION = YES_AGGRESSIVE;
				CLANG_CXX_LANGUAGE_STANDARD = "gnu++20";
				CLANG_ENABLE_MODULES = YES;
				CLANG_ENABLE_OBJC_ARC = YES;
				CLANG_ENABLE_OBJC_WEAK = YES;
				CLANG_WARN_BLOCK_CAPTURE_AUTORELEASING = YES;
				CLANG_WARN_BOOL_CONVERSION = YES;
				CLANG_WARN_COMMA = YES;
				CLANG_WARN_CONSTANT_CONVERSION = YES;
				CLANG_WARN_DEPRECATED_OBJC_IMPLEMENTATIONS = YES;
				CLANG_WARN_DIRECT_OBJC_ISA_USAGE = YES_ERROR;
				CLANG_WARN_DOCUMENTATION_COMMENTS = YES;
				CLANG_WARN_EMPTY_BODY = YES;
				CLANG_WARN_ENUM_CONVERSION = YES;
				CLANG_WARN_INFINITE_RECURSION = YES;
				CLANG_WARN_INT_CONVERSION = YES;
				CLANG_WARN_NON_LITERAL_NULL_CONVERSION = YES;
				CLANG_WARN_OBJC_IMPLICIT_RETAIN_SELF = YES;
				CLANG_WARN_OBJC_LITERAL_CONVERSION = YES;
				CLANG_WARN_OBJC_ROOT_CLASS = YES_ERROR;
				CLANG_WARN_QUOTED_INCLUDE_IN_FRAMEWORK_HEADER = YES;
				CLANG_WARN_RANGE_LOOP_ANALYSIS = YES;
				CLANG_WARN_STRICT_PROTOTYPES = YES;
				CLANG_WARN_SUSPICIOUS_MOVE = YES;
				CLANG_WARN_UNGUARDED_AVAILABILITY = YES_AGGRESSIVE;
				CLANG_WARN_UNREACHABLE_CODE = YES;
				CLANG_WARN__DUPLICATE_METHOD_MATCH = YES;
				COPY_PHASE_STRIP = NO;
				DEBUG_INFORMATION_FORMAT = "dwarf-with-dsym";
				ENABLE_NS_ASSERTIONS = NO;
				ENABLE_STRICT_OBJC_MSGSEND = YES;
				GCC_C_LANGUAGE_STANDARD = gnu11;
				GCC_NO_COMMON_BLOCKS = YES;
				GCC_WARN_64_TO_32_BIT_CONVERSION = YES;
				GCC_WARN_ABOUT_RETURN_TYPE = YES_ERROR;
				GCC_WARN_UNDECLARED_SELECTOR = YES;
				GCC_WARN_UNINITIALIZED_AUTOS = YES_AGGRESSIVE;
				GCC_WARN_UNUSED_FUNCTION = YES;
				GCC_WARN_UNUSED_VARIABLE = YES;
				IPHONEOS_DEPLOYMENT_TARGET = 16.1;
				MTL_ENABLE_DEBUG_INFO = NO;
				MTL_FAST_MATH = YES;
				SDKROOT = iphoneos;
				SWIFT_COMPILATION_MODE = wholemodule;
				SWIFT_OPTIMIZATION_LEVEL = "-O";
				VALIDATE_PRODUCT = YES;
			};
			name = Release;
		};
		CEC50D432A1566D000178572 /* Debug */ = {
			isa = XCBuildConfiguration;
			buildSettings = {
				ASSETCATALOG_COMPILER_APPICON_NAME = AppIcon;
				ASSETCATALOG_COMPILER_GLOBAL_ACCENT_COLOR_NAME = AccentColor;
				CODE_SIGN_STYLE = Automatic;
				CURRENT_PROJECT_VERSION = 1;
				DEVELOPMENT_TEAM = 55ZAR68Z5N;
				GENERATE_INFOPLIST_FILE = YES;
				INFOPLIST_FILE = SaryApp/Info.plist;
				INFOPLIST_KEY_UIApplicationSupportsIndirectInputEvents = YES;
				INFOPLIST_KEY_UILaunchStoryboardName = LaunchScreen;
				INFOPLIST_KEY_UIMainStoryboardFile = Main;
				INFOPLIST_KEY_UISupportedInterfaceOrientations_iPad = "UIInterfaceOrientationPortrait UIInterfaceOrientationPortraitUpsideDown UIInterfaceOrientationLandscapeLeft UIInterfaceOrientationLandscapeRight";
				INFOPLIST_KEY_UISupportedInterfaceOrientations_iPhone = "UIInterfaceOrientationPortrait UIInterfaceOrientationLandscapeLeft UIInterfaceOrientationLandscapeRight";
				LD_RUNPATH_SEARCH_PATHS = (
					"$(inherited)",
					"@executable_path/Frameworks",
				);
				MARKETING_VERSION = 1.0;
				PRODUCT_BUNDLE_IDENTIFIER = com.glamera.test.SaryApp;
				PRODUCT_NAME = "$(TARGET_NAME)";
				SWIFT_EMIT_LOC_STRINGS = YES;
				SWIFT_VERSION = 5.0;
				TARGETED_DEVICE_FAMILY = "1,2";
			};
			name = Debug;
		};
		CEC50D442A1566D000178572 /* Release */ = {
			isa = XCBuildConfiguration;
			buildSettings = {
				ASSETCATALOG_COMPILER_APPICON_NAME = AppIcon;
				ASSETCATALOG_COMPILER_GLOBAL_ACCENT_COLOR_NAME = AccentColor;
				CODE_SIGN_STYLE = Automatic;
				CURRENT_PROJECT_VERSION = 1;
				DEVELOPMENT_TEAM = 55ZAR68Z5N;
				GENERATE_INFOPLIST_FILE = YES;
				INFOPLIST_FILE = SaryApp/Info.plist;
				INFOPLIST_KEY_UIApplicationSupportsIndirectInputEvents = YES;
				INFOPLIST_KEY_UILaunchStoryboardName = LaunchScreen;
				INFOPLIST_KEY_UIMainStoryboardFile = Main;
				INFOPLIST_KEY_UISupportedInterfaceOrientations_iPad = "UIInterfaceOrientationPortrait UIInterfaceOrientationPortraitUpsideDown UIInterfaceOrientationLandscapeLeft UIInterfaceOrientationLandscapeRight";
				INFOPLIST_KEY_UISupportedInterfaceOrientations_iPhone = "UIInterfaceOrientationPortrait UIInterfaceOrientationLandscapeLeft UIInterfaceOrientationLandscapeRight";
				LD_RUNPATH_SEARCH_PATHS = (
					"$(inherited)",
					"@executable_path/Frameworks",
				);
				MARKETING_VERSION = 1.0;
				PRODUCT_BUNDLE_IDENTIFIER = com.glamera.test.SaryApp;
				PRODUCT_NAME = "$(TARGET_NAME)";
				SWIFT_EMIT_LOC_STRINGS = YES;
				SWIFT_VERSION = 5.0;
				TARGETED_DEVICE_FAMILY = "1,2";
			};
			name = Release;
		};
		CEC50D462A1566D000178572 /* Debug */ = {
			isa = XCBuildConfiguration;
			buildSettings = {
				ALWAYS_EMBED_SWIFT_STANDARD_LIBRARIES = YES;
				BUNDLE_LOADER = "$(TEST_HOST)";
				CODE_SIGN_STYLE = Automatic;
				CURRENT_PROJECT_VERSION = 1;
				DEVELOPMENT_TEAM = 55ZAR68Z5N;
				GENERATE_INFOPLIST_FILE = YES;
				IPHONEOS_DEPLOYMENT_TARGET = 16.1;
				MARKETING_VERSION = 1.0;
				PRODUCT_BUNDLE_IDENTIFIER = com.glamera.test.SaryAppTests;
				PRODUCT_NAME = "$(TARGET_NAME)";
				SWIFT_EMIT_LOC_STRINGS = NO;
				SWIFT_VERSION = 5.0;
				TARGETED_DEVICE_FAMILY = "1,2";
				TEST_HOST = "$(BUILT_PRODUCTS_DIR)/SaryApp.app/$(BUNDLE_EXECUTABLE_FOLDER_PATH)/SaryApp";
			};
			name = Debug;
		};
		CEC50D472A1566D000178572 /* Release */ = {
			isa = XCBuildConfiguration;
			buildSettings = {
				ALWAYS_EMBED_SWIFT_STANDARD_LIBRARIES = YES;
				BUNDLE_LOADER = "$(TEST_HOST)";
				CODE_SIGN_STYLE = Automatic;
				CURRENT_PROJECT_VERSION = 1;
				DEVELOPMENT_TEAM = 55ZAR68Z5N;
				GENERATE_INFOPLIST_FILE = YES;
				IPHONEOS_DEPLOYMENT_TARGET = 16.1;
				MARKETING_VERSION = 1.0;
				PRODUCT_BUNDLE_IDENTIFIER = com.glamera.test.SaryAppTests;
				PRODUCT_NAME = "$(TARGET_NAME)";
				SWIFT_EMIT_LOC_STRINGS = NO;
				SWIFT_VERSION = 5.0;
				TARGETED_DEVICE_FAMILY = "1,2";
				TEST_HOST = "$(BUILT_PRODUCTS_DIR)/SaryApp.app/$(BUNDLE_EXECUTABLE_FOLDER_PATH)/SaryApp";
			};
			name = Release;
		};
		CEC50D492A1566D000178572 /* Debug */ = {
			isa = XCBuildConfiguration;
			buildSettings = {
				ALWAYS_EMBED_SWIFT_STANDARD_LIBRARIES = YES;
				CODE_SIGN_STYLE = Automatic;
				CURRENT_PROJECT_VERSION = 1;
				DEVELOPMENT_TEAM = 55ZAR68Z5N;
				GENERATE_INFOPLIST_FILE = YES;
				MARKETING_VERSION = 1.0;
				PRODUCT_BUNDLE_IDENTIFIER = com.glamera.test.SaryAppUITests;
				PRODUCT_NAME = "$(TARGET_NAME)";
				SWIFT_EMIT_LOC_STRINGS = NO;
				SWIFT_VERSION = 5.0;
				TARGETED_DEVICE_FAMILY = "1,2";
				TEST_TARGET_NAME = SaryApp;
			};
			name = Debug;
		};
		CEC50D4A2A1566D000178572 /* Release */ = {
			isa = XCBuildConfiguration;
			buildSettings = {
				ALWAYS_EMBED_SWIFT_STANDARD_LIBRARIES = YES;
				CODE_SIGN_STYLE = Automatic;
				CURRENT_PROJECT_VERSION = 1;
				DEVELOPMENT_TEAM = 55ZAR68Z5N;
				GENERATE_INFOPLIST_FILE = YES;
				MARKETING_VERSION = 1.0;
				PRODUCT_BUNDLE_IDENTIFIER = com.glamera.test.SaryAppUITests;
				PRODUCT_NAME = "$(TARGET_NAME)";
				SWIFT_EMIT_LOC_STRINGS = NO;
				SWIFT_VERSION = 5.0;
				TARGETED_DEVICE_FAMILY = "1,2";
				TEST_TARGET_NAME = SaryApp;
			};
			name = Release;
		};
/* End XCBuildConfiguration section */

/* Begin XCConfigurationList section */
		CEC50D132A1566CD00178572 /* Build configuration list for PBXProject "SaryApp" */ = {
			isa = XCConfigurationList;
			buildConfigurations = (
				CEC50D402A1566D000178572 /* Debug */,
				CEC50D412A1566D000178572 /* Release */,
			);
			defaultConfigurationIsVisible = 0;
			defaultConfigurationName = Release;
		};
		CEC50D422A1566D000178572 /* Build configuration list for PBXNativeTarget "SaryApp" */ = {
			isa = XCConfigurationList;
			buildConfigurations = (
				CEC50D432A1566D000178572 /* Debug */,
				CEC50D442A1566D000178572 /* Release */,
			);
			defaultConfigurationIsVisible = 0;
			defaultConfigurationName = Release;
		};
		CEC50D452A1566D000178572 /* Build configuration list for PBXNativeTarget "SaryAppTests" */ = {
			isa = XCConfigurationList;
			buildConfigurations = (
				CEC50D462A1566D000178572 /* Debug */,
				CEC50D472A1566D000178572 /* Release */,
			);
			defaultConfigurationIsVisible = 0;
			defaultConfigurationName = Release;
		};
		CEC50D482A1566D000178572 /* Build configuration list for PBXNativeTarget "SaryAppUITests" */ = {
			isa = XCConfigurationList;
			buildConfigurations = (
				CEC50D492A1566D000178572 /* Debug */,
				CEC50D4A2A1566D000178572 /* Release */,
			);
			defaultConfigurationIsVisible = 0;
			defaultConfigurationName = Release;
		};
/* End XCConfigurationList section */
	};
	rootObject = CEC50D102A1566CD00178572 /* Project object */;
}
